// !$*UTF8*$!
{
	archiveVersion = 1;
	classes = {
	};
	objectVersion = 55;
	objects = {

/* Begin PBXBuildFile section */
		F2FD00E02F85B0DD00390151 /* AppDelegate.swift in Sources */ = {isa = PBXBuildFile; fileRef = F2FD00DF2F85B0DD00390151 /* AppDelegate.swift */; };
		F2FD00E22F85B0DD00390151 /* SceneDelegate.swift in Sources */ = {isa = PBXBuildFile; fileRef = F2FD00E12F85B0DD00390151 /* SceneDelegate.swift */; };
		F2FD00E42F85B0DD00390151 /* ViewController.swift in Sources */ = {isa = PBXBuildFile; fileRef = F2FD00E32F85B0DD00390151 /* ViewController.swift */; };
		F2FD00E72F85B0DD00390151 /* Main.storyboard in Resources */ = {isa = PBXBuildFile; fileRef = F2FD00E52F85B0DD00390151 /* Main.storyboard */; };
		F2FD00E92F85B0E000390151 /* Assets.xcassets in Resources */ = {isa = PBXBuildFile; fileRef = F2FD00E82F85B0E000390151 /* Assets.xcassets */; };
		F2FD00EC2F85B0E000390151 /* LaunchScreen.storyboard in Resources */ = {isa = PBXBuildFile; fileRef = F2FD00EA2F85B0E000390151 /* LaunchScreen.storyboard */; };
		A2C100012F86BB0000000001 /* RootTabBarController.swift in Sources */ = {isa = PBXBuildFile; fileRef = A2B100012F86BB0000000001 /* RootTabBarController.swift */; };
		A2C100022F86BB0000000002 /* TravelEntry.swift in Sources */ = {isa = PBXBuildFile; fileRef = A2B100022F86BB0000000002 /* TravelEntry.swift */; };
		A2C100032F86BB0000000003 /* TravelPreferences.swift in Sources */ = {isa = PBXBuildFile; fileRef = A2B100032F86BB0000000003 /* TravelPreferences.swift */; };
		A2C100042F86BB0000000004 /* Notifications.swift in Sources */ = {isa = PBXBuildFile; fileRef = A2B100042F86BB0000000004 /* Notifications.swift */; };
		A2C100052F86BB0000000005 /* TravelStore.swift in Sources */ = {isa = PBXBuildFile; fileRef = A2B100052F86BB0000000005 /* TravelStore.swift */; };
		A2C100062F86BB0000000006 /* TravelListViewModel.swift in Sources */ = {isa = PBXBuildFile; fileRef = A2B100062F86BB0000000006 /* TravelListViewModel.swift */; };
		A2C100072F86BB0000000007 /* TravelSummaryViewModel.swift in Sources */ = {isa = PBXBuildFile; fileRef = A2B100072F86BB0000000007 /* TravelSummaryViewModel.swift */; };
		A2C100082F86BB0000000008 /* TravelSettingsViewModel.swift in Sources */ = {isa = PBXBuildFile; fileRef = A2B100082F86BB0000000008 /* TravelSettingsViewModel.swift */; };
		A2C100092F86BB0000000009 /* TravelEntryCell.swift in Sources */ = {isa = PBXBuildFile; fileRef = A2B100092F86BB0000000009 /* TravelEntryCell.swift */; };
		A2C1000A2F86BB000000000A /* TravelListViewController.swift in Sources */ = {isa = PBXBuildFile; fileRef = A2B1000A2F86BB000000000A /* TravelListViewController.swift */; };
		A2C1000B2F86BB000000000B /* TravelSummaryViewController.swift in Sources */ = {isa = PBXBuildFile; fileRef = A2B1000B2F86BB000000000B /* TravelSummaryViewController.swift */; };
		A2C1000C2F86BB000000000C /* TravelSettingsViewController.swift in Sources */ = {isa = PBXBuildFile; fileRef = A2B1000C2F86BB000000000C /* TravelSettingsViewController.swift */; };
/* End PBXBuildFile section */

/* Begin PBXFileReference section */
		F2FD00DC2F85B0DD00390151 /* TravelDiary.app */ = {isa = PBXFileReference; explicitFileType = wrapper.application; includeInIndex = 0; path = TravelDiary.app; sourceTree = BUILT_PRODUCTS_DIR; };
		F2FD00DF2F85B0DD00390151 /* AppDelegate.swift */ = {isa = PBXFileReference; lastKnownFileType = sourcecode.swift; path = AppDelegate.swift; sourceTree = "<group>"; };
		F2FD00E12F85B0DD00390151 /* SceneDelegate.swift */ = {isa = PBXFileReference; lastKnownFileType = sourcecode.swift; path = SceneDelegate.swift; sourceTree = "<group>"; };
		F2FD00E32F85B0DD00390151 /* ViewController.swift */ = {isa = PBXFileReference; lastKnownFileType = sourcecode.swift; path = ViewController.swift; sourceTree = "<group>"; };
		F2FD00E62F85B0DD00390151 /* Base */ = {isa = PBXFileReference; lastKnownFileType = file.storyboard; name = Base; path = Base.lproj/Main.storyboard; sourceTree = "<group>"; };
		F2FD00E82F85B0E000390151 /* Assets.xcassets */ = {isa = PBXFileReference; lastKnownFileType = folder.assetcatalog; path = Assets.xcassets; sourceTree = "<group>"; };
		F2FD00EB2F85B0E000390151 /* Base */ = {isa = PBXFileReference; lastKnownFileType = file.storyboard; name = Base; path = Base.lproj/LaunchScreen.storyboard; sourceTree = "<group>"; };
		F2FD00ED2F85B0E000390151 /* Info.plist */ = {isa = PBXFileReference; lastKnownFileType = text.plist.xml; path = Info.plist; sourceTree = "<group>"; };
		A2B100012F86BB0000000001 /* RootTabBarController.swift */ = {isa = PBXFileReference; lastKnownFileType = sourcecode.swift; path = RootTabBarController.swift; sourceTree = "<group>"; };
		A2B100022F86BB0000000002 /* TravelEntry.swift */ = {isa = PBXFileReference; lastKnownFileType = sourcecode.swift; path = TravelEntry.swift; sourceTree = "<group>"; };
		A2B100032F86BB0000000003 /* TravelPreferences.swift */ = {isa = PBXFileReference; lastKnownFileType = sourcecode.swift; path = TravelPreferences.swift; sourceTree = "<group>"; };
		A2B100042F86BB0000000004 /* Notifications.swift */ = {isa = PBXFileReference; lastKnownFileType = sourcecode.swift; path = Notifications.swift; sourceTree = "<group>"; };
		A2B100052F86BB0000000005 /* TravelStore.swift */ = {isa = PBXFileReference; lastKnownFileType = sourcecode.swift; path = TravelStore.swift; sourceTree = "<group>"; };
		A2B100062F86BB0000000006 /* TravelListViewModel.swift */ = {isa = PBXFileReference; lastKnownFileType = sourcecode.swift; path = TravelListViewModel.swift; sourceTree = "<group>"; };
		A2B100072F86BB0000000007 /* TravelSummaryViewModel.swift */ = {isa = PBXFileReference; lastKnownFileType = sourcecode.swift; path = TravelSummaryViewModel.swift; sourceTree = "<group>"; };
		A2B100082F86BB0000000008 /* TravelSettingsViewModel.swift */ = {isa = PBXFileReference; lastKnownFileType = sourcecode.swift; path = TravelSettingsViewModel.swift; sourceTree = "<group>"; };
		A2B100092F86BB0000000009 /* TravelEntryCell.swift */ = {isa = PBXFileReference; lastKnownFileType = sourcecode.swift; path = TravelEntryCell.swift; sourceTree = "<group>"; };
		A2B1000A2F86BB000000000A /* TravelListViewController.swift */ = {isa = PBXFileReference; lastKnownFileType = sourcecode.swift; path = TravelListViewController.swift; sourceTree = "<group>"; };
		A2B1000B2F86BB000000000B /* TravelSummaryViewController.swift */ = {isa = PBXFileReference; lastKnownFileType = sourcecode.swift; path = TravelSummaryViewController.swift; sourceTree = "<group>"; };
		A2B1000C2F86BB000000000C /* TravelSettingsViewController.swift */ = {isa = PBXFileReference; lastKnownFileType = sourcecode.swift; path = TravelSettingsViewController.swift; sourceTree = "<group>"; };
/* End PBXFileReference section */

/* Begin PBXFrameworksBuildPhase section */
		F2FD00D92F85B0DD00390151 /* Frameworks */ = {
			isa = PBXFrameworksBuildPhase;
			buildActionMask = 2147483647;
			files = (
			);
			runOnlyForDeploymentPostprocessing = 0;
		};
/* End PBXFrameworksBuildPhase section */

/* Begin PBXGroup section */
		F2FD00D32F85B0DD00390151 = {
			isa = PBXGroup;
			children = (
				F2FD00DE2F85B0DD00390151 /* TravelDiary */,
				F2FD00DD2F85B0DD00390151 /* Products */,
			);
			sourceTree = "<group>";
		};
		F2FD00DD2F85B0DD00390151 /* Products */ = {
			isa = PBXGroup;
			children = (
				F2FD00DC2F85B0DD00390151 /* TravelDiary.app */,
			);
			name = Products;
			sourceTree = "<group>";
		};
		F2FD00DE2F85B0DD00390151 /* TravelDiary */ = {
			isa = PBXGroup;
			children = (
				A2D200012F86BB0000000001 /* App */,
				A2D200022F86BB0000000002 /* Models */,
				A2D200032F86BB0000000003 /* Services */,
				A2D200042F86BB0000000004 /* ViewModels */,
				A2D200052F86BB0000000005 /* Views */,
				A2D200062F86BB0000000006 /* ViewControllers */,
				F2FD00DF2F85B0DD00390151 /* AppDelegate.swift */,
				F2FD00E12F85B0DD00390151 /* SceneDelegate.swift */,
				F2FD00E32F85B0DD00390151 /* ViewController.swift */,
				F2FD00E52F85B0DD00390151 /* Main.storyboard */,
				F2FD00E82F85B0E000390151 /* Assets.xcassets */,
				F2FD00EA2F85B0E000390151 /* LaunchScreen.storyboard */,
				F2FD00ED2F85B0E000390151 /* Info.plist */,
			);
			path = TravelDiary;
			sourceTree = "<group>";
		};
		A2D200012F86BB0000000001 /* App */ = {
			isa = PBXGroup;
			children = (
				A2B100012F86BB0000000001 /* RootTabBarController.swift */,
			);
			path = App;
			sourceTree = "<group>";
		};
		A2D200022F86BB0000000002 /* Models */ = {
			isa = PBXGroup;
			children = (
				A2B100022F86BB0000000002 /* TravelEntry.swift */,
				A2B100032F86BB0000000003 /* TravelPreferences.swift */,
			);
			path = Models;
			sourceTree = "<group>";
		};
		A2D200032F86BB0000000003 /* Services */ = {
			isa = PBXGroup;
			children = (
				A2B100052F86BB0000000005 /* TravelStore.swift */,
				A2B100042F86BB0000000004 /* Notifications.swift */,
			);
			path = Services;
			sourceTree = "<group>";
		};
		A2D200042F86BB0000000004 /* ViewModels */ = {
			isa = PBXGroup;
			children = (
				A2B100062F86BB0000000006 /* TravelListViewModel.swift */,
				A2B100072F86BB0000000007 /* TravelSummaryViewModel.swift */,
				A2B100082F86BB0000000008 /* TravelSettingsViewModel.swift */,
			);
			path = ViewModels;
			sourceTree = "<group>";
		};
		A2D200052F86BB0000000005 /* Views */ = {
			isa = PBXGroup;
			children = (
				A2B100092F86BB0000000009 /* TravelEntryCell.swift */,
			);
			path = Views;
			sourceTree = "<group>";
		};
		A2D200062F86BB0000000006 /* ViewControllers */ = {
			isa = PBXGroup;
			children = (
				A2B1000A2F86BB000000000A /* TravelListViewController.swift */,
				A2B1000B2F86BB000000000B /* TravelSummaryViewController.swift */,
				A2B1000C2F86BB000000000C /* TravelSettingsViewController.swift */,
			);
			path = ViewControllers;
			sourceTree = "<group>";
		};
/* End PBXGroup section */

/* Begin PBXNativeTarget section */
		F2FD00DB2F85B0DD00390151 /* TravelDiary */ = {
			isa = PBXNativeTarget;
			buildConfigurationList = F2FD00F02F85B0E000390151 /* Build configuration list for PBXNativeTarget "TravelDiary" */;
			buildPhases = (
				F2FD00D82F85B0DD00390151 /* Sources */,
				F2FD00D92F85B0DD00390151 /* Frameworks */,
				F2FD00DA2F85B0DD00390151 /* Resources */,
			);
			buildRules = (
			);
			dependencies = (
			);
			name = TravelDiary;
			productName = TravelDiary;
			productReference = F2FD00DC2F85B0DD00390151 /* TravelDiary.app */;
			productType = "com.apple.product-type.application";
		};
/* End PBXNativeTarget section */

/* Begin PBXProject section */
		F2FD00D42F85B0DD00390151 /* Project object */ = {
			isa = PBXProject;
			attributes = {
				BuildIndependentTargetsInParallel = 1;
				LastSwiftUpdateCheck = 1320;
				LastUpgradeCheck = 1320;
				TargetAttributes = {
					F2FD00DB2F85B0DD00390151 = {
						CreatedOnToolsVersion = 13.2.1;
					};
				};
			};
			buildConfigurationList = F2FD00D72F85B0DD00390151 /* Build configuration list for PBXProject "TravelDiary" */;
			compatibilityVersion = "Xcode 13.0";
			developmentRegion = en;
			hasScannedForEncodings = 0;
			knownRegions = (
				en,
				Base,
			);
			mainGroup = F2FD00D32F85B0DD00390151;
			productRefGroup = F2FD00DD2F85B0DD00390151 /* Products */;
			projectDirPath = "";
			projectRoot = "";
			targets = (
				F2FD00DB2F85B0DD00390151 /* TravelDiary */,
			);
		};
/* End PBXProject section */

/* Begin PBXResourcesBuildPhase section */
		F2FD00DA2F85B0DD00390151 /* Resources */ = {
			isa = PBXResourcesBuildPhase;
			buildActionMask = 2147483647;
			files = (
				F2FD00EC2F85B0E000390151 /* LaunchScreen.storyboard in Resources */,
				F2FD00E92F85B0E000390151 /* Assets.xcassets in Resources */,
				F2FD00E72F85B0DD00390151 /* Main.storyboard in Resources */,
			);
			runOnlyForDeploymentPostprocessing = 0;
		};
/* End PBXResourcesBuildPhase section */

/* Begin PBXSourcesBuildPhase section */
		F2FD00D82F85B0DD00390151 /* Sources */ = {
			isa = PBXSourcesBuildPhase;
			buildActionMask = 2147483647;
			files = (
				A2C100012F86BB0000000001 /* RootTabBarController.swift in Sources */,
				A2C1000A2F86BB000000000A /* TravelListViewController.swift in Sources */,
				A2C1000B2F86BB000000000B /* TravelSummaryViewController.swift in Sources */,
				A2C1000C2F86BB000000000C /* TravelSettingsViewController.swift in Sources */,
				A2C100092F86BB0000000009 /* TravelEntryCell.swift in Sources */,
				A2C100062F86BB0000000006 /* TravelListViewModel.swift in Sources */,
				A2C100072F86BB0000000007 /* TravelSummaryViewModel.swift in Sources */,
				A2C100082F86BB0000000008 /* TravelSettingsViewModel.swift in Sources */,
				A2C100022F86BB0000000002 /* TravelEntry.swift in Sources */,
				A2C100032F86BB0000000003 /* TravelPreferences.swift in Sources */,
				A2C100052F86BB0000000005 /* TravelStore.swift in Sources */,
				A2C100042F86BB0000000004 /* Notifications.swift in Sources */,
				F2FD00E42F85B0DD00390151 /* ViewController.swift in Sources */,
				F2FD00E02F85B0DD00390151 /* AppDelegate.swift in Sources */,
				F2FD00E22F85B0DD00390151 /* SceneDelegate.swift in Sources */,
			);
			runOnlyForDeploymentPostprocessing = 0;
		};
/* End PBXSourcesBuildPhase section */

/* Begin PBXVariantGroup section */
		F2FD00E52F85B0DD00390151 /* Main.storyboard */ = {
			isa = PBXVariantGroup;
			children = (
				F2FD00E62F85B0DD00390151 /* Base */,
			);
			name = Main.storyboard;
			sourceTree = "<group>";
		};
		F2FD00EA2F85B0E000390151 /* LaunchScreen.storyboard */ = {
			isa = PBXVariantGroup;
			children = (
				F2FD00EB2F85B0E000390151 /* Base */,
			);
			name = LaunchScreen.storyboard;
			sourceTree = "<group>";
		};
/* End PBXVariantGroup section */

/* Begin XCBuildConfiguration section */
		F2FD00EE2F85B0E000390151 /* Debug */ = {
			isa = XCBuildConfiguration;
			buildSettings = {
				ALWAYS_SEARCH_USER_PATHS = NO;
				CLANG_ANALYZER_NONNULL = YES;
				CLANG_ANALYZER_NUMBER_OBJECT_CONVERSION = YES_AGGRESSIVE;
				CLANG_CXX_LANGUAGE_STANDARD = "gnu++17";
				CLANG_CXX_LIBRARY = "libc++";
				CLANG_ENABLE_MODULES = YES;
				CLANG_ENABLE_OBJC_ARC = YES;
				CLANG_ENABLE_OBJC_WEAK = YES;
				CLANG_WARN_BLOCK_CAPTURE_AUTORELEASING = YES;
				CLANG_WARN_BOOL_CONVERSION = YES;
				CLANG_WARN_COMMA = YES;
				CLANG_WARN_CONSTANT_CONVERSION = YES;
				CLANG_WARN_DEPRECATED_OBJC_IMPLEMENTATIONS = YES;
				CLANG_WARN_DIRECT_OBJC_ISA_USAGE = YES_ERROR;
				CLANG_WARN_DOCUMENTATION_COMMENTS = YES;
				CLANG_WARN_EMPTY_BODY = YES;
				CLANG_WARN_ENUM_CONVERSION = YES;
				CLANG_WARN_INFINITE_RECURSION = YES;
				CLANG_WARN_INT_CONVERSION = YES;
				CLANG_WARN_NON_LITERAL_NULL_CONVERSION = YES;
				CLANG_WARN_OBJC_IMPLICIT_RETAIN_SELF = YES;
				CLANG_WARN_OBJC_LITERAL_CONVERSION = YES;
				CLANG_WARN_OBJC_ROOT_CLASS = YES_ERROR;
				CLANG_WARN_QUOTED_INCLUDE_IN_FRAMEWORK_HEADER = YES;
				CLANG_WARN_RANGE_LOOP_ANALYSIS = YES;
				CLANG_WARN_STRICT_PROTOTYPES = YES;
				CLANG_WARN_SUSPICIOUS_MOVE = YES;
				CLANG_WARN_UNGUARDED_AVAILABILITY = YES_AGGRESSIVE;
				CLANG_WARN_UNREACHABLE_CODE = YES;
				CLANG_WARN__DUPLICATE_METHOD_MATCH = YES;
				COPY_PHASE_STRIP = NO;
				DEBUG_INFORMATION_FORMAT = dwarf;
				ENABLE_STRICT_OBJC_MSGSEND = YES;
				ENABLE_TESTABILITY = YES;
				GCC_C_LANGUAGE_STANDARD = gnu11;
				GCC_DYNAMIC_NO_PIC = NO;
				GCC_NO_COMMON_BLOCKS = YES;
				GCC_OPTIMIZATION_LEVEL = 0;
				GCC_PREPROCESSOR_DEFINITIONS = (
					"DEBUG=1",
					"$(inherited)",
				);
				GCC_WARN_64_TO_32_BIT_CONVERSION = YES;
				GCC_WARN_ABOUT_RETURN_TYPE = YES_ERROR;
				GCC_WARN_UNDECLARED_SELECTOR = YES;
				GCC_WARN_UNINITIALIZED_AUTOS = YES_AGGRESSIVE;
				GCC_WARN_UNUSED_FUNCTION = YES;
				GCC_WARN_UNUSED_VARIABLE = YES;
				IPHONEOS_DEPLOYMENT_TARGET = 15.2;
				MTL_ENABLE_DEBUG_INFO = INCLUDE_SOURCE;
				MTL_FAST_MATH = YES;
				ONLY_ACTIVE_ARCH = YES;
				SDKROOT = iphoneos;
				SWIFT_ACTIVE_COMPILATION_CONDITIONS = DEBUG;
				SWIFT_OPTIMIZATION_LEVEL = "-Onone";
			};
			name = Debug;
		};
		F2FD00EF2F85B0E000390151 /* Release */ = {
			isa = XCBuildConfiguration;
			buildSettings = {
				ALWAYS_SEARCH_USER_PATHS = NO;
				CLANG_ANALYZER_NONNULL = YES;
				CLANG_ANALYZER_NUMBER_OBJECT_CONVERSION = YES_AGGRESSIVE;
				CLANG_CXX_LANGUAGE_STANDARD = "gnu++17";
				CLANG_CXX_LIBRARY = "libc++";
				CLANG_ENABLE_MODULES = YES;
				CLANG_ENABLE_OBJC_ARC = YES;
				CLANG_ENABLE_OBJC_WEAK = YES;
				CLANG_WARN_BLOCK_CAPTURE_AUTORELEASING = YES;
				CLANG_WARN_BOOL_CONVERSION = YES;
				CLANG_WARN_COMMA = YES;
				CLANG_WARN_CONSTANT_CONVERSION = YES;
				CLANG_WARN_DEPRECATED_OBJC_IMPLEMENTATIONS = YES;
				CLANG_WARN_DIRECT_OBJC_ISA_USAGE = YES_ERROR;
				CLANG_WARN_DOCUMENTATION_COMMENTS = YES;
				CLANG_WARN_EMPTY_BODY = YES;
				CLANG_WARN_ENUM_CONVERSION = YES;
				CLANG_WARN_INFINITE_RECURSION = YES;
				CLANG_WARN_INT_CONVERSION = YES;
				CLANG_WARN_NON_LITERAL_NULL_CONVERSION = YES;
				CLANG_WARN_OBJC_IMPLICIT_RETAIN_SELF = YES;
				CLANG_WARN_OBJC_LITERAL_CONVERSION = YES;
				CLANG_WARN_OBJC_ROOT_CLASS = YES_ERROR;
				CLANG_WARN_QUOTED_INCLUDE_IN_FRAMEWORK_HEADER = YES;
				CLANG_WARN_RANGE_LOOP_ANALYSIS = YES;
				CLANG_WARN_STRICT_PROTOTYPES = YES;
				CLANG_WARN_SUSPICIOUS_MOVE = YES;
				CLANG_WARN_UNGUARDED_AVAILABILITY = YES_AGGRESSIVE;
				CLANG_WARN_UNREACHABLE_CODE = YES;
				CLANG_WARN__DUPLICATE_METHOD_MATCH = YES;
				COPY_PHASE_STRIP = NO;
				DEBUG_INFORMATION_FORMAT = "dwarf-with-dsym";
				ENABLE_NS_ASSERTIONS = NO;
				ENABLE_STRICT_OBJC_MSGSEND = YES;
				GCC_C_LANGUAGE_STANDARD = gnu11;
				GCC_NO_COMMON_BLOCKS = YES;
				GCC_WARN_64_TO_32_BIT_CONVERSION = YES;
				GCC_WARN_ABOUT_RETURN_TYPE = YES_ERROR;
				GCC_WARN_UNDECLARED_SELECTOR = YES;
				GCC_WARN_UNINITIALIZED_AUTOS = YES_AGGRESSIVE;
				GCC_WARN_UNUSED_FUNCTION = YES;
				GCC_WARN_UNUSED_VARIABLE = YES;
				IPHONEOS_DEPLOYMENT_TARGET = 15.2;
				MTL_ENABLE_DEBUG_INFO = NO;
				MTL_FAST_MATH = YES;
				SDKROOT = iphoneos;
				SWIFT_COMPILATION_MODE = wholemodule;
				SWIFT_OPTIMIZATION_LEVEL = "-O";
				VALIDATE_PRODUCT = YES;
			};
			name = Release;
		};
		F2FD00F12F85B0E000390151 /* Debug */ = {
			isa = XCBuildConfiguration;
			buildSettings = {
				ASSETCATALOG_COMPILER_APPICON_NAME = AppIcon;
				ASSETCATALOG_COMPILER_GLOBAL_ACCENT_COLOR_NAME = AccentColor;
				CODE_SIGN_STYLE = Automatic;
				CURRENT_PROJECT_VERSION = 1;
				GENERATE_INFOPLIST_FILE = YES;
				INFOPLIST_FILE = TravelDiary/Info.plist;
				INFOPLIST_KEY_UIApplicationSupportsIndirectInputEvents = YES;
				INFOPLIST_KEY_UILaunchStoryboardName = LaunchScreen;
				INFOPLIST_KEY_UISupportedInterfaceOrientations_iPad = "UIInterfaceOrientationPortrait UIInterfaceOrientationPortraitUpsideDown UIInterfaceOrientationLandscapeLeft UIInterfaceOrientationLandscapeRight";
				INFOPLIST_KEY_UISupportedInterfaceOrientations_iPhone = "UIInterfaceOrientationPortrait UIInterfaceOrientationLandscapeLeft UIInterfaceOrientationLandscapeRight";
				LD_RUNPATH_SEARCH_PATHS = (
					"$(inherited)",
					"@executable_path/Frameworks",
				);
				MARKETING_VERSION = 1.0;
				PRODUCT_BUNDLE_IDENTIFIER = com.joseramos.TravelDiary;
				PRODUCT_NAME = "$(TARGET_NAME)";
				SWIFT_EMIT_LOC_STRINGS = YES;
				SWIFT_VERSION = 5.0;
				TARGETED_DEVICE_FAMILY = "1,2";
			};
			name = Debug;
		};
		F2FD00F22F85B0E000390151 /* Release */ = {
			isa = XCBuildConfiguration;
			buildSettings = {
				ASSETCATALOG_COMPILER_APPICON_NAME = AppIcon;
				ASSETCATALOG_COMPILER_GLOBAL_ACCENT_COLOR_NAME = AccentColor;
				CODE_SIGN_STYLE = Automatic;
				CURRENT_PROJECT_VERSION = 1;
				GENERATE_INFOPLIST_FILE = YES;
				INFOPLIST_FILE = TravelDiary/Info.plist;
				INFOPLIST_KEY_UIApplicationSupportsIndirectInputEvents = YES;
				INFOPLIST_KEY_UILaunchStoryboardName = LaunchScreen;
				INFOPLIST_KEY_UISupportedInterfaceOrientations_iPad = "UIInterfaceOrientationPortrait UIInterfaceOrientationPortraitUpsideDown UIInterfaceOrientationLandscapeLeft UIInterfaceOrientationLandscapeRight";
				INFOPLIST_KEY_UISupportedInterfaceOrientations_iPhone = "UIInterfaceOrientationPortrait UIInterfaceOrientationLandscapeLeft UIInterfaceOrientationLandscapeRight";
				LD_RUNPATH_SEARCH_PATHS = (
					"$(inherited)",
					"@executable_path/Frameworks",
				);
				MARKETING_VERSION = 1.0;
				PRODUCT_BUNDLE_IDENTIFIER = com.joseramos.TravelDiary;
				PRODUCT_NAME = "$(TARGET_NAME)";
				SWIFT_EMIT_LOC_STRINGS = YES;
				SWIFT_VERSION = 5.0;
				TARGETED_DEVICE_FAMILY = "1,2";
			};
			name = Release;
		};
/* End XCBuildConfiguration section */

/* Begin XCConfigurationList section */
		F2FD00D72F85B0DD00390151 /* Build configuration list for PBXProject "TravelDiary" */ = {
			isa = XCConfigurationList;
			buildConfigurations = (
				F2FD00EE2F85B0E000390151 /* Debug */,
				F2FD00EF2F85B0E000390151 /* Release */,
			);
			defaultConfigurationIsVisible = 0;
			defaultConfigurationName = Release;
		};
		F2FD00F02F85B0E000390151 /* Build configuration list for PBXNativeTarget "TravelDiary" */ = {
			isa = XCConfigurationList;
			buildConfigurations = (
				F2FD00F12F85B0E000390151 /* Debug */,
				F2FD00F22F85B0E000390151 /* Release */,
			);
			defaultConfigurationIsVisible = 0;
			defaultConfigurationName = Release;
		};
/* End XCConfigurationList section */
	};
	rootObject = F2FD00D42F85B0DD00390151 /* Project object */;
}
