// !$*UTF8*$!
{
	archiveVersion = 1;
	classes = {
	};
	objectVersion = 55;
	objects = {

/* Begin PBXBuildFile section */
		F2FD01602F85C46000390151 /* AppDelegate.swift in Sources */ = {isa = PBXBuildFile; fileRef = F2FD015F2F85C46000390151 /* AppDelegate.swift */; };
		F2FD01622F85C46000390151 /* SceneDelegate.swift in Sources */ = {isa = PBXBuildFile; fileRef = F2FD01612F85C46000390151 /* SceneDelegate.swift */; };
		F2FD01642F85C46000390151 /* ViewController.swift in Sources */ = {isa = PBXBuildFile; fileRef = F2FD01632F85C46000390151 /* ViewController.swift */; };
		F2FD01672F85C46000390151 /* Main.storyboard in Resources */ = {isa = PBXBuildFile; fileRef = F2FD01652F85C46000390151 /* Main.storyboard */; };
		F2FD01692F85C46200390151 /* Assets.xcassets in Resources */ = {isa = PBXBuildFile; fileRef = F2FD01682F85C46200390151 /* Assets.xcassets */; };
		F2FD016C2F85C46200390151 /* LaunchScreen.storyboard in Resources */ = {isa = PBXBuildFile; fileRef = F2FD016A2F85C46200390151 /* LaunchScreen.storyboard */; };
		A5C000012F86EE0000000001 /* RootTabBarController.swift in Sources */ = {isa = PBXBuildFile; fileRef = A5B100012F86EE0000000001 /* RootTabBarController.swift */; };
		A5C000022F86EE0000000002 /* EntryContext.swift in Sources */ = {isa = PBXBuildFile; fileRef = A5B100022F86EE0000000002 /* EntryContext.swift */; };
		A5C000032F86EE0000000003 /* MovieItem.swift in Sources */ = {isa = PBXBuildFile; fileRef = A5B100032F86EE0000000003 /* MovieItem.swift */; };
		A5C000042F86EE0000000004 /* MovieSortOption.swift in Sources */ = {isa = PBXBuildFile; fileRef = A5B100042F86EE0000000004 /* MovieSortOption.swift */; };
		A5C000052F86EE0000000005 /* Notifications.swift in Sources */ = {isa = PBXBuildFile; fileRef = A5B100052F86EE0000000005 /* Notifications.swift */; };
		A5C000062F86EE0000000006 /* MovieStore.swift in Sources */ = {isa = PBXBuildFile; fileRef = A5B100062F86EE0000000006 /* MovieStore.swift */; };
		A5C000072F86EE0000000007 /* MovieListViewModel.swift in Sources */ = {isa = PBXBuildFile; fileRef = A5B100072F86EE0000000007 /* MovieListViewModel.swift */; };
		A5C000082F86EE0000000008 /* MovieSettingsViewModel.swift in Sources */ = {isa = PBXBuildFile; fileRef = A5B100082F86EE0000000008 /* MovieSettingsViewModel.swift */; };
		A5C000092F86EE0000000009 /* MovieCell.swift in Sources */ = {isa = PBXBuildFile; fileRef = A5B100092F86EE0000000009 /* MovieCell.swift */; };
		A5C0000A2F86EE000000000A /* MoviesListViewController.swift in Sources */ = {isa = PBXBuildFile; fileRef = A5B1000A2F86EE000000000A /* MoviesListViewController.swift */; };
		A5C0000B2F86EE000000000B /* SettingsViewController.swift in Sources */ = {isa = PBXBuildFile; fileRef = A5B1000B2F86EE000000000B /* SettingsViewController.swift */; };
/* End PBXBuildFile section */

/* Begin PBXFileReference section */
		F2FD015C2F85C46000390151 /* MyMovieList.app */ = {isa = PBXFileReference; explicitFileType = wrapper.application; includeInIndex = 0; path = MyMovieList.app; sourceTree = BUILT_PRODUCTS_DIR; };
		F2FD015F2F85C46000390151 /* AppDelegate.swift */ = {isa = PBXFileReference; lastKnownFileType = sourcecode.swift; path = AppDelegate.swift; sourceTree = "<group>"; };
		F2FD01612F85C46000390151 /* SceneDelegate.swift */ = {isa = PBXFileReference; lastKnownFileType = sourcecode.swift; path = SceneDelegate.swift; sourceTree = "<group>"; };
		F2FD01632F85C46000390151 /* ViewController.swift */ = {isa = PBXFileReference; lastKnownFileType = sourcecode.swift; path = ViewController.swift; sourceTree = "<group>"; };
		F2FD01662F85C46000390151 /* Base */ = {isa = PBXFileReference; lastKnownFileType = file.storyboard; name = Base; path = Base.lproj/Main.storyboard; sourceTree = "<group>"; };
		F2FD01682F85C46200390151 /* Assets.xcassets */ = {isa = PBXFileReference; lastKnownFileType = folder.assetcatalog; path = Assets.xcassets; sourceTree = "<group>"; };
		F2FD016B2F85C46200390151 /* Base */ = {isa = PBXFileReference; lastKnownFileType = file.storyboard; name = Base; path = Base.lproj/LaunchScreen.storyboard; sourceTree = "<group>"; };
		F2FD016D2F85C46200390151 /* Info.plist */ = {isa = PBXFileReference; lastKnownFileType = text.plist.xml; path = Info.plist; sourceTree = "<group>"; };
		A5B100012F86EE0000000001 /* RootTabBarController.swift */ = {isa = PBXFileReference; lastKnownFileType = sourcecode.swift; path = RootTabBarController.swift; sourceTree = "<group>"; };
		A5B100022F86EE0000000002 /* EntryContext.swift */ = {isa = PBXFileReference; lastKnownFileType = sourcecode.swift; path = EntryContext.swift; sourceTree = "<group>"; };
		A5B100032F86EE0000000003 /* MovieItem.swift */ = {isa = PBXFileReference; lastKnownFileType = sourcecode.swift; path = MovieItem.swift; sourceTree = "<group>"; };
		A5B100042F86EE0000000004 /* MovieSortOption.swift */ = {isa = PBXFileReference; lastKnownFileType = sourcecode.swift; path = MovieSortOption.swift; sourceTree = "<group>"; };
		A5B100052F86EE0000000005 /* Notifications.swift */ = {isa = PBXFileReference; lastKnownFileType = sourcecode.swift; path = Notifications.swift; sourceTree = "<group>"; };
		A5B100062F86EE0000000006 /* MovieStore.swift */ = {isa = PBXFileReference; lastKnownFileType = sourcecode.swift; path = MovieStore.swift; sourceTree = "<group>"; };
		A5B100072F86EE0000000007 /* MovieListViewModel.swift */ = {isa = PBXFileReference; lastKnownFileType = sourcecode.swift; path = MovieListViewModel.swift; sourceTree = "<group>"; };
		A5B100082F86EE0000000008 /* MovieSettingsViewModel.swift */ = {isa = PBXFileReference; lastKnownFileType = sourcecode.swift; path = MovieSettingsViewModel.swift; sourceTree = "<group>"; };
		A5B100092F86EE0000000009 /* MovieCell.swift */ = {isa = PBXFileReference; lastKnownFileType = sourcecode.swift; path = MovieCell.swift; sourceTree = "<group>"; };
		A5B1000A2F86EE000000000A /* MoviesListViewController.swift */ = {isa = PBXFileReference; lastKnownFileType = sourcecode.swift; path = MoviesListViewController.swift; sourceTree = "<group>"; };
		A5B1000B2F86EE000000000B /* SettingsViewController.swift */ = {isa = PBXFileReference; lastKnownFileType = sourcecode.swift; path = SettingsViewController.swift; sourceTree = "<group>"; };
/* End PBXFileReference section */

/* Begin PBXFrameworksBuildPhase section */
		F2FD01592F85C46000390151 /* Frameworks */ = {
			isa = PBXFrameworksBuildPhase;
			buildActionMask = 2147483647;
			files = (
			);
			runOnlyForDeploymentPostprocessing = 0;
		};
/* End PBXFrameworksBuildPhase section */

/* Begin PBXGroup section */
		F2FD01532F85C46000390151 = {
			isa = PBXGroup;
			children = (
				F2FD015E2F85C46000390151 /* MyMovieList */,
				F2FD015D2F85C46000390151 /* Products */,
			);
			sourceTree = "<group>";
		};
		F2FD015D2F85C46000390151 /* Products */ = {
			isa = PBXGroup;
			children = (
				F2FD015C2F85C46000390151 /* MyMovieList.app */,
			);
			name = Products;
			sourceTree = "<group>";
		};
		F2FD015E2F85C46000390151 /* MyMovieList */ = {
			isa = PBXGroup;
			children = (
				A5D200012F86EE0000000001 /* App */,
				A5D200022F86EE0000000002 /* Models */,
				A5D200032F86EE0000000003 /* Services */,
				A5D200042F86EE0000000004 /* ViewModels */,
				A5D200052F86EE0000000005 /* Views */,
				A5D200062F86EE0000000006 /* ViewControllers */,
				F2FD015F2F85C46000390151 /* AppDelegate.swift */,
				F2FD01612F85C46000390151 /* SceneDelegate.swift */,
				F2FD01632F85C46000390151 /* ViewController.swift */,
				F2FD01652F85C46000390151 /* Main.storyboard */,
				F2FD01682F85C46200390151 /* Assets.xcassets */,
				F2FD016A2F85C46200390151 /* LaunchScreen.storyboard */,
				F2FD016D2F85C46200390151 /* Info.plist */,
			);
			path = MyMovieList;
			sourceTree = "<group>";
		};
		A5D200012F86EE0000000001 /* App */ = {
			isa = PBXGroup;
			children = (
				A5B100012F86EE0000000001 /* RootTabBarController.swift */,
			);
			path = App;
			sourceTree = "<group>";
		};
		A5D200022F86EE0000000002 /* Models */ = {
			isa = PBXGroup;
			children = (
				A5B100022F86EE0000000002 /* EntryContext.swift */,
				A5B100032F86EE0000000003 /* MovieItem.swift */,
				A5B100042F86EE0000000004 /* MovieSortOption.swift */,
			);
			path = Models;
			sourceTree = "<group>";
		};
		A5D200032F86EE0000000003 /* Services */ = {
			isa = PBXGroup;
			children = (
				A5B100052F86EE0000000005 /* Notifications.swift */,
				A5B100062F86EE0000000006 /* MovieStore.swift */,
			);
			path = Services;
			sourceTree = "<group>";
		};
		A5D200042F86EE0000000004 /* ViewModels */ = {
			isa = PBXGroup;
			children = (
				A5B100072F86EE0000000007 /* MovieListViewModel.swift */,
				A5B100082F86EE0000000008 /* MovieSettingsViewModel.swift */,
			);
			path = ViewModels;
			sourceTree = "<group>";
		};
		A5D200052F86EE0000000005 /* Views */ = {
			isa = PBXGroup;
			children = (
				A5B100092F86EE0000000009 /* MovieCell.swift */,
			);
			path = Views;
			sourceTree = "<group>";
		};
		A5D200062F86EE0000000006 /* ViewControllers */ = {
			isa = PBXGroup;
			children = (
				A5B1000A2F86EE000000000A /* MoviesListViewController.swift */,
				A5B1000B2F86EE000000000B /* SettingsViewController.swift */,
			);
			path = ViewControllers;
			sourceTree = "<group>";
		};
/* End PBXGroup section */

/* Begin PBXNativeTarget section */
		F2FD015B2F85C46000390151 /* MyMovieList */ = {
			isa = PBXNativeTarget;
			buildConfigurationList = F2FD01702F85C46200390151 /* Build configuration list for PBXNativeTarget "MyMovieList" */;
			buildPhases = (
				F2FD01582F85C46000390151 /* Sources */,
				F2FD01592F85C46000390151 /* Frameworks */,
				F2FD015A2F85C46000390151 /* Resources */,
			);
			buildRules = (
			);
			dependencies = (
			);
			name = MyMovieList;
			productName = MyMovieList;
			productReference = F2FD015C2F85C46000390151 /* MyMovieList.app */;
			productType = "com.apple.product-type.application";
		};
/* End PBXNativeTarget section */

/* Begin PBXProject section */
		F2FD01542F85C46000390151 /* Project object */ = {
			isa = PBXProject;
			attributes = {
				BuildIndependentTargetsInParallel = 1;
				LastSwiftUpdateCheck = 1320;
				LastUpgradeCheck = 1320;
				TargetAttributes = {
					F2FD015B2F85C46000390151 = {
						CreatedOnToolsVersion = 13.2.1;
					};
				};
			};
			buildConfigurationList = F2FD01572F85C46000390151 /* Build configuration list for PBXProject "MyMovieList" */;
			compatibilityVersion = "Xcode 13.0";
			developmentRegion = en;
			hasScannedForEncodings = 0;
			knownRegions = (
				en,
				Base,
			);
			mainGroup = F2FD01532F85C46000390151;
			productRefGroup = F2FD015D2F85C46000390151 /* Products */;
			projectDirPath = "";
			projectRoot = "";
			targets = (
				F2FD015B2F85C46000390151 /* MyMovieList */,
			);
		};
/* End PBXProject section */

/* Begin PBXResourcesBuildPhase section */
		F2FD015A2F85C46000390151 /* Resources */ = {
			isa = PBXResourcesBuildPhase;
			buildActionMask = 2147483647;
			files = (
				F2FD016C2F85C46200390151 /* LaunchScreen.storyboard in Resources */,
				F2FD01692F85C46200390151 /* Assets.xcassets in Resources */,
				F2FD01672F85C46000390151 /* Main.storyboard in Resources */,
			);
			runOnlyForDeploymentPostprocessing = 0;
		};
/* End PBXResourcesBuildPhase section */

/* Begin PBXSourcesBuildPhase section */
		F2FD01582F85C46000390151 /* Sources */ = {
			isa = PBXSourcesBuildPhase;
			buildActionMask = 2147483647;
			files = (
				A5C000012F86EE0000000001 /* RootTabBarController.swift in Sources */,
				A5C0000A2F86EE000000000A /* MoviesListViewController.swift in Sources */,
				A5C0000B2F86EE000000000B /* SettingsViewController.swift in Sources */,
				A5C000092F86EE0000000009 /* MovieCell.swift in Sources */,
				A5C000072F86EE0000000007 /* MovieListViewModel.swift in Sources */,
				A5C000082F86EE0000000008 /* MovieSettingsViewModel.swift in Sources */,
				A5C000052F86EE0000000005 /* Notifications.swift in Sources */,
				A5C000062F86EE0000000006 /* MovieStore.swift in Sources */,
				A5C000022F86EE0000000002 /* EntryContext.swift in Sources */,
				A5C000032F86EE0000000003 /* MovieItem.swift in Sources */,
				A5C000042F86EE0000000004 /* MovieSortOption.swift in Sources */,
				F2FD01642F85C46000390151 /* ViewController.swift in Sources */,
				F2FD01602F85C46000390151 /* AppDelegate.swift in Sources */,
				F2FD01622F85C46000390151 /* SceneDelegate.swift in Sources */,
			);
			runOnlyForDeploymentPostprocessing = 0;
		};
/* End PBXSourcesBuildPhase section */

/* Begin PBXVariantGroup section */
		F2FD01652F85C46000390151 /* Main.storyboard */ = {
			isa = PBXVariantGroup;
			children = (
				F2FD01662F85C46000390151 /* Base */,
			);
			name = Main.storyboard;
			sourceTree = "<group>";
		};
		F2FD016A2F85C46200390151 /* LaunchScreen.storyboard */ = {
			isa = PBXVariantGroup;
			children = (
				F2FD016B2F85C46200390151 /* Base */,
			);
			name = LaunchScreen.storyboard;
			sourceTree = "<group>";
		};
/* End PBXVariantGroup section */

/* Begin XCBuildConfiguration section */
		F2FD016E2F85C46200390151 /* Debug */ = {
			isa = XCBuildConfiguration;
			buildSettings = {
				ALWAYS_SEARCH_USER_PATHS = NO;
				CLANG_ANALYZER_NONNULL = YES;
				CLANG_ANALYZER_NUMBER_OBJECT_CONVERSION = YES_AGGRESSIVE;
				CLANG_CXX_LANGUAGE_STANDARD = "gnu++17";
				CLANG_CXX_LIBRARY = "libc++";
				CLANG_ENABLE_MODULES = YES;
				CLANG_ENABLE_OBJC_ARC = YES;
				CLANG_ENABLE_OBJC_WEAK = YES;
				CLANG_WARN_BLOCK_CAPTURE_AUTORELEASING = YES;
				CLANG_WARN_BOOL_CONVERSION = YES;
				CLANG_WARN_COMMA = YES;
				CLANG_WARN_CONSTANT_CONVERSION = YES;
				CLANG_WARN_DEPRECATED_OBJC_IMPLEMENTATIONS = YES;
				CLANG_WARN_DIRECT_OBJC_ISA_USAGE = YES_ERROR;
				CLANG_WARN_DOCUMENTATION_COMMENTS = YES;
				CLANG_WARN_EMPTY_BODY = YES;
				CLANG_WARN_ENUM_CONVERSION = YES;
				CLANG_WARN_INFINITE_RECURSION = YES;
				CLANG_WARN_INT_CONVERSION = YES;
				CLANG_WARN_NON_LITERAL_NULL_CONVERSION = YES;
				CLANG_WARN_OBJC_IMPLICIT_RETAIN_SELF = YES;
				CLANG_WARN_OBJC_LITERAL_CONVERSION = YES;
				CLANG_WARN_OBJC_ROOT_CLASS = YES_ERROR;
				CLANG_WARN_QUOTED_INCLUDE_IN_FRAMEWORK_HEADER = YES;
				CLANG_WARN_RANGE_LOOP_ANALYSIS = YES;
				CLANG_WARN_STRICT_PROTOTYPES = YES;
				CLANG_WARN_SUSPICIOUS_MOVE = YES;
				CLANG_WARN_UNGUARDED_AVAILABILITY = YES_AGGRESSIVE;
				CLANG_WARN_UNREACHABLE_CODE = YES;
				CLANG_WARN__DUPLICATE_METHOD_MATCH = YES;
				COPY_PHASE_STRIP = NO;
				DEBUG_INFORMATION_FORMAT = dwarf;
				ENABLE_STRICT_OBJC_MSGSEND = YES;
				ENABLE_TESTABILITY = YES;
				GCC_C_LANGUAGE_STANDARD = gnu11;
				GCC_DYNAMIC_NO_PIC = NO;
				GCC_NO_COMMON_BLOCKS = YES;
				GCC_OPTIMIZATION_LEVEL = 0;
				GCC_PREPROCESSOR_DEFINITIONS = (
					"DEBUG=1",
					"$(inherited)",
				);
				GCC_WARN_64_TO_32_BIT_CONVERSION = YES;
				GCC_WARN_ABOUT_RETURN_TYPE = YES_ERROR;
				GCC_WARN_UNDECLARED_SELECTOR = YES;
				GCC_WARN_UNINITIALIZED_AUTOS = YES_AGGRESSIVE;
				GCC_WARN_UNUSED_FUNCTION = YES;
				GCC_WARN_UNUSED_VARIABLE = YES;
				IPHONEOS_DEPLOYMENT_TARGET = 15.2;
				MTL_ENABLE_DEBUG_INFO = INCLUDE_SOURCE;
				MTL_FAST_MATH = YES;
				ONLY_ACTIVE_ARCH = YES;
				SDKROOT = iphoneos;
				SWIFT_ACTIVE_COMPILATION_CONDITIONS = DEBUG;
				SWIFT_OPTIMIZATION_LEVEL = "-Onone";
			};
			name = Debug;
		};
		F2FD016F2F85C46200390151 /* Release */ = {
			isa = XCBuildConfiguration;
			buildSettings = {
				ALWAYS_SEARCH_USER_PATHS = NO;
				CLANG_ANALYZER_NONNULL = YES;
				CLANG_ANALYZER_NUMBER_OBJECT_CONVERSION = YES_AGGRESSIVE;
				CLANG_CXX_LANGUAGE_STANDARD = "gnu++17";
				CLANG_CXX_LIBRARY = "libc++";
				CLANG_ENABLE_MODULES = YES;
				CLANG_ENABLE_OBJC_ARC = YES;
				CLANG_ENABLE_OBJC_WEAK = YES;
				CLANG_WARN_BLOCK_CAPTURE_AUTORELEASING = YES;
				CLANG_WARN_BOOL_CONVERSION = YES;
				CLANG_WARN_COMMA = YES;
				CLANG_WARN_CONSTANT_CONVERSION = YES;
				CLANG_WARN_DEPRECATED_OBJC_IMPLEMENTATIONS = YES;
				CLANG_WARN_DIRECT_OBJC_ISA_USAGE = YES_ERROR;
				CLANG_WARN_DOCUMENTATION_COMMENTS = YES;
				CLANG_WARN_EMPTY_BODY = YES;
				CLANG_WARN_ENUM_CONVERSION = YES;
				CLANG_WARN_INFINITE_RECURSION = YES;
				CLANG_WARN_INT_CONVERSION = YES;
				CLANG_WARN_NON_LITERAL_NULL_CONVERSION = YES;
				CLANG_WARN_OBJC_IMPLICIT_RETAIN_SELF = YES;
				CLANG_WARN_OBJC_LITERAL_CONVERSION = YES;
				CLANG_WARN_OBJC_ROOT_CLASS = YES_ERROR;
				CLANG_WARN_QUOTED_INCLUDE_IN_FRAMEWORK_HEADER = YES;
				CLANG_WARN_RANGE_LOOP_ANALYSIS = YES;
				CLANG_WARN_STRICT_PROTOTYPES = YES;
				CLANG_WARN_SUSPICIOUS_MOVE = YES;
				CLANG_WARN_UNGUARDED_AVAILABILITY = YES_AGGRESSIVE;
				CLANG_WARN_UNREACHABLE_CODE = YES;
				CLANG_WARN__DUPLICATE_METHOD_MATCH = YES;
				COPY_PHASE_STRIP = NO;
				DEBUG_INFORMATION_FORMAT = "dwarf-with-dsym";
				ENABLE_NS_ASSERTIONS = NO;
				ENABLE_STRICT_OBJC_MSGSEND = YES;
				GCC_C_LANGUAGE_STANDARD = gnu11;
				GCC_NO_COMMON_BLOCKS = YES;
				GCC_WARN_64_TO_32_BIT_CONVERSION = YES;
				GCC_WARN_ABOUT_RETURN_TYPE = YES_ERROR;
				GCC_WARN_UNDECLARED_SELECTOR = YES;
				GCC_WARN_UNINITIALIZED_AUTOS = YES_AGGRESSIVE;
				GCC_WARN_UNUSED_FUNCTION = YES;
				GCC_WARN_UNUSED_VARIABLE = YES;
				IPHONEOS_DEPLOYMENT_TARGET = 15.2;
				MTL_ENABLE_DEBUG_INFO = NO;
				MTL_FAST_MATH = YES;
				SDKROOT = iphoneos;
				SWIFT_COMPILATION_MODE = wholemodule;
				SWIFT_OPTIMIZATION_LEVEL = "-O";
				VALIDATE_PRODUCT = YES;
			};
			name = Release;
		};
		F2FD01712F85C46200390151 /* Debug */ = {
			isa = XCBuildConfiguration;
			buildSettings = {
				ASSETCATALOG_COMPILER_APPICON_NAME = AppIcon;
				ASSETCATALOG_COMPILER_GLOBAL_ACCENT_COLOR_NAME = AccentColor;
				CODE_SIGN_STYLE = Automatic;
				CURRENT_PROJECT_VERSION = 1;
				GENERATE_INFOPLIST_FILE = YES;
				INFOPLIST_FILE = MyMovieList/Info.plist;
				INFOPLIST_KEY_UIApplicationSupportsIndirectInputEvents = YES;
				INFOPLIST_KEY_UILaunchStoryboardName = LaunchScreen;
				INFOPLIST_KEY_UISupportedInterfaceOrientations_iPad = "UIInterfaceOrientationPortrait UIInterfaceOrientationPortraitUpsideDown UIInterfaceOrientationLandscapeLeft UIInterfaceOrientationLandscapeRight";
				INFOPLIST_KEY_UISupportedInterfaceOrientations_iPhone = "UIInterfaceOrientationPortrait UIInterfaceOrientationLandscapeLeft UIInterfaceOrientationLandscapeRight";
				LD_RUNPATH_SEARCH_PATHS = (
					"$(inherited)",
					"@executable_path/Frameworks",
				);
				MARKETING_VERSION = 1.0;
				PRODUCT_BUNDLE_IDENTIFIER = com.joseramos.MyMovieList;
				PRODUCT_NAME = "$(TARGET_NAME)";
				SWIFT_EMIT_LOC_STRINGS = YES;
				SWIFT_VERSION = 5.0;
				TARGETED_DEVICE_FAMILY = "1,2";
			};
			name = Debug;
		};
		F2FD01722F85C46200390151 /* Release */ = {
			isa = XCBuildConfiguration;
			buildSettings = {
				ASSETCATALOG_COMPILER_APPICON_NAME = AppIcon;
				ASSETCATALOG_COMPILER_GLOBAL_ACCENT_COLOR_NAME = AccentColor;
				CODE_SIGN_STYLE = Automatic;
				CURRENT_PROJECT_VERSION = 1;
				GENERATE_INFOPLIST_FILE = YES;
				INFOPLIST_FILE = MyMovieList/Info.plist;
				INFOPLIST_KEY_UIApplicationSupportsIndirectInputEvents = YES;
				INFOPLIST_KEY_UILaunchStoryboardName = LaunchScreen;
				INFOPLIST_KEY_UISupportedInterfaceOrientations_iPad = "UIInterfaceOrientationPortrait UIInterfaceOrientationPortraitUpsideDown UIInterfaceOrientationLandscapeLeft UIInterfaceOrientationLandscapeRight";
				INFOPLIST_KEY_UISupportedInterfaceOrientations_iPhone = "UIInterfaceOrientationPortrait UIInterfaceOrientationLandscapeLeft UIInterfaceOrientationLandscapeRight";
				LD_RUNPATH_SEARCH_PATHS = (
					"$(inherited)",
					"@executable_path/Frameworks",
				);
				MARKETING_VERSION = 1.0;
				PRODUCT_BUNDLE_IDENTIFIER = com.joseramos.MyMovieList;
				PRODUCT_NAME = "$(TARGET_NAME)";
				SWIFT_EMIT_LOC_STRINGS = YES;
				SWIFT_VERSION = 5.0;
				TARGETED_DEVICE_FAMILY = "1,2";
			};
			name = Release;
		};
/* End XCBuildConfiguration section */

/* Begin XCConfigurationList section */
		F2FD01572F85C46000390151 /* Build configuration list for PBXProject "MyMovieList" */ = {
			isa = XCConfigurationList;
			buildConfigurations = (
				F2FD016E2F85C46200390151 /* Debug */,
				F2FD016F2F85C46200390151 /* Release */,
			);
			defaultConfigurationIsVisible = 0;
			defaultConfigurationName = Release;
		};
		F2FD01702F85C46200390151 /* Build configuration list for PBXNativeTarget "MyMovieList" */ = {
			isa = XCConfigurationList;
			buildConfigurations = (
				F2FD01712F85C46200390151 /* Debug */,
				F2FD01722F85C46200390151 /* Release */,
			);
			defaultConfigurationIsVisible = 0;
			defaultConfigurationName = Release;
		};
/* End XCConfigurationList section */
	};
	rootObject = F2FD01542F85C46000390151 /* Project object */;
}
