// !$*UTF8*$!
{
	archiveVersion = 1;
	classes = {
	};
	objectVersion = 55;
	objects = {

/* Begin PBXBuildFile section */
		F24A49222F83D0E200C80DDA /* AppDelegate.swift in Sources */ = {isa = PBXBuildFile; fileRef = F24A49212F83D0E200C80DDA /* AppDelegate.swift */; };
		F24A49242F83D0E200C80DDA /* SceneDelegate.swift in Sources */ = {isa = PBXBuildFile; fileRef = F24A49232F83D0E200C80DDA /* SceneDelegate.swift */; };
		F24A49262F83D0E200C80DDA /* ViewController.swift in Sources */ = {isa = PBXBuildFile; fileRef = F24A49252F83D0E200C80DDA /* ViewController.swift */; };
		F24A49292F83D0E200C80DDA /* Main.storyboard in Resources */ = {isa = PBXBuildFile; fileRef = F24A49272F83D0E200C80DDA /* Main.storyboard */; };
		F24A492B2F83D0E600C80DDA /* Assets.xcassets in Resources */ = {isa = PBXBuildFile; fileRef = F24A492A2F83D0E600C80DDA /* Assets.xcassets */; };
		F24A492E2F83D0E600C80DDA /* LaunchScreen.storyboard in Resources */ = {isa = PBXBuildFile; fileRef = F24A492C2F83D0E600C80DDA /* LaunchScreen.storyboard */; };
		F2B200012F83D0E200C80DDA /* Habit.swift in Sources */ = {isa = PBXBuildFile; fileRef = F2B100012F83D0E200C80DDA /* Habit.swift */; };
		F2B200022F83D0E200C80DDA /* HabitStore.swift in Sources */ = {isa = PBXBuildFile; fileRef = F2B100022F83D0E200C80DDA /* HabitStore.swift */; };
		F2B200032F83D0E200C80DDA /* Notifications.swift in Sources */ = {isa = PBXBuildFile; fileRef = F2B100032F83D0E200C80DDA /* Notifications.swift */; };
		F2B200042F83D0E200C80DDA /* HabitsListViewModel.swift in Sources */ = {isa = PBXBuildFile; fileRef = F2B100042F83D0E200C80DDA /* HabitsListViewModel.swift */; };
		F2B200052F83D0E200C80DDA /* StatsViewModel.swift in Sources */ = {isa = PBXBuildFile; fileRef = F2B100052F83D0E200C80DDA /* StatsViewModel.swift */; };
		F2B200062F83D0E200C80DDA /* CheckmarkView.swift in Sources */ = {isa = PBXBuildFile; fileRef = F2B100062F83D0E200C80DDA /* CheckmarkView.swift */; };
		F2B200072F83D0E200C80DDA /* HabitCell.swift in Sources */ = {isa = PBXBuildFile; fileRef = F2B100072F83D0E200C80DDA /* HabitCell.swift */; };
		F2B200082F83D0E200C80DDA /* HabitsListViewController.swift in Sources */ = {isa = PBXBuildFile; fileRef = F2B100082F83D0E200C80DDA /* HabitsListViewController.swift */; };
		F2B200092F83D0E200C80DDA /* StatsViewController.swift in Sources */ = {isa = PBXBuildFile; fileRef = F2B100092F83D0E200C80DDA /* StatsViewController.swift */; };
		F2B2000A2F83D0E200C80DDA /* RootTabBarController.swift in Sources */ = {isa = PBXBuildFile; fileRef = F2B1000A2F83D0E200C80DDA /* RootTabBarController.swift */; };
/* End PBXBuildFile section */

/* Begin PBXFileReference section */
		F24A491E2F83D0E200C80DDA /* DailyHabitTracker.app */ = {isa = PBXFileReference; explicitFileType = wrapper.application; includeInIndex = 0; path = DailyHabitTracker.app; sourceTree = BUILT_PRODUCTS_DIR; };
		F24A49212F83D0E200C80DDA /* AppDelegate.swift */ = {isa = PBXFileReference; lastKnownFileType = sourcecode.swift; path = AppDelegate.swift; sourceTree = "<group>"; };
		F24A49232F83D0E200C80DDA /* SceneDelegate.swift */ = {isa = PBXFileReference; lastKnownFileType = sourcecode.swift; path = SceneDelegate.swift; sourceTree = "<group>"; };
		F24A49252F83D0E200C80DDA /* ViewController.swift */ = {isa = PBXFileReference; lastKnownFileType = sourcecode.swift; path = ViewController.swift; sourceTree = "<group>"; };
		F24A49282F83D0E200C80DDA /* Base */ = {isa = PBXFileReference; lastKnownFileType = file.storyboard; name = Base; path = Base.lproj/Main.storyboard; sourceTree = "<group>"; };
		F24A492A2F83D0E600C80DDA /* Assets.xcassets */ = {isa = PBXFileReference; lastKnownFileType = folder.assetcatalog; path = Assets.xcassets; sourceTree = "<group>"; };
		F24A492D2F83D0E600C80DDA /* Base */ = {isa = PBXFileReference; lastKnownFileType = file.storyboard; name = Base; path = Base.lproj/LaunchScreen.storyboard; sourceTree = "<group>"; };
		F24A492F2F83D0E600C80DDA /* Info.plist */ = {isa = PBXFileReference; lastKnownFileType = text.plist.xml; path = Info.plist; sourceTree = "<group>"; };
		F2B100012F83D0E200C80DDA /* Habit.swift */ = {isa = PBXFileReference; lastKnownFileType = sourcecode.swift; name = Habit.swift; path = Models/Habit.swift; sourceTree = "<group>"; };
		F2B100022F83D0E200C80DDA /* HabitStore.swift */ = {isa = PBXFileReference; lastKnownFileType = sourcecode.swift; name = HabitStore.swift; path = Services/HabitStore.swift; sourceTree = "<group>"; };
		F2B100032F83D0E200C80DDA /* Notifications.swift */ = {isa = PBXFileReference; lastKnownFileType = sourcecode.swift; name = Notifications.swift; path = Services/Notifications.swift; sourceTree = "<group>"; };
		F2B100042F83D0E200C80DDA /* HabitsListViewModel.swift */ = {isa = PBXFileReference; lastKnownFileType = sourcecode.swift; name = HabitsListViewModel.swift; path = ViewModels/HabitsListViewModel.swift; sourceTree = "<group>"; };
		F2B100052F83D0E200C80DDA /* StatsViewModel.swift */ = {isa = PBXFileReference; lastKnownFileType = sourcecode.swift; name = StatsViewModel.swift; path = ViewModels/StatsViewModel.swift; sourceTree = "<group>"; };
		F2B100062F83D0E200C80DDA /* CheckmarkView.swift */ = {isa = PBXFileReference; lastKnownFileType = sourcecode.swift; name = CheckmarkView.swift; path = Views/CheckmarkView.swift; sourceTree = "<group>"; };
		F2B100072F83D0E200C80DDA /* HabitCell.swift */ = {isa = PBXFileReference; lastKnownFileType = sourcecode.swift; name = HabitCell.swift; path = Views/HabitCell.swift; sourceTree = "<group>"; };
		F2B100082F83D0E200C80DDA /* HabitsListViewController.swift */ = {isa = PBXFileReference; lastKnownFileType = sourcecode.swift; name = HabitsListViewController.swift; path = ViewControllers/HabitsListViewController.swift; sourceTree = "<group>"; };
		F2B100092F83D0E200C80DDA /* StatsViewController.swift */ = {isa = PBXFileReference; lastKnownFileType = sourcecode.swift; name = StatsViewController.swift; path = ViewControllers/StatsViewController.swift; sourceTree = "<group>"; };
		F2B1000A2F83D0E200C80DDA /* RootTabBarController.swift */ = {isa = PBXFileReference; lastKnownFileType = sourcecode.swift; name = RootTabBarController.swift; path = App/RootTabBarController.swift; sourceTree = "<group>"; };
/* End PBXFileReference section */

/* Begin PBXFrameworksBuildPhase section */
		F24A491B2F83D0E200C80DDA /* Frameworks */ = {
			isa = PBXFrameworksBuildPhase;
			buildActionMask = 2147483647;
			files = (
			);
			runOnlyForDeploymentPostprocessing = 0;
		};
/* End PBXFrameworksBuildPhase section */

/* Begin PBXGroup section */
		F24A49152F83D0E200C80DDA = {
			isa = PBXGroup;
			children = (
				F24A49202F83D0E200C80DDA /* DailyHabitTracker */,
				F24A491F2F83D0E200C80DDA /* Products */,
			);
			sourceTree = "<group>";
		};
		F24A491F2F83D0E200C80DDA /* Products */ = {
			isa = PBXGroup;
			children = (
				F24A491E2F83D0E200C80DDA /* DailyHabitTracker.app */,
			);
			name = Products;
			sourceTree = "<group>";
		};
		F24A49202F83D0E200C80DDA /* DailyHabitTracker */ = {
			isa = PBXGroup;
			children = (
				F2B300012F83D0E200C80DDA /* App */,
				F2B300022F83D0E200C80DDA /* Models */,
				F2B300032F83D0E200C80DDA /* Services */,
				F2B300042F83D0E200C80DDA /* ViewModels */,
				F2B300052F83D0E200C80DDA /* Views */,
				F2B300062F83D0E200C80DDA /* ViewControllers */,
				F24A49212F83D0E200C80DDA /* AppDelegate.swift */,
				F24A49232F83D0E200C80DDA /* SceneDelegate.swift */,
				F24A49252F83D0E200C80DDA /* ViewController.swift */,
				F24A49272F83D0E200C80DDA /* Main.storyboard */,
				F24A492A2F83D0E600C80DDA /* Assets.xcassets */,
				F24A492C2F83D0E600C80DDA /* LaunchScreen.storyboard */,
				F24A492F2F83D0E600C80DDA /* Info.plist */,
			);
			path = DailyHabitTracker;
			sourceTree = "<group>";
		};
		F2B300012F83D0E200C80DDA /* App */ = {
			isa = PBXGroup;
			children = (
				F2B1000A2F83D0E200C80DDA /* RootTabBarController.swift */,
			);
			path = App;
			sourceTree = "<group>";
		};
		F2B300022F83D0E200C80DDA /* Models */ = {
			isa = PBXGroup;
			children = (
				F2B100012F83D0E200C80DDA /* Habit.swift */,
			);
			path = Models;
			sourceTree = "<group>";
		};
		F2B300032F83D0E200C80DDA /* Services */ = {
			isa = PBXGroup;
			children = (
				F2B100022F83D0E200C80DDA /* HabitStore.swift */,
				F2B100032F83D0E200C80DDA /* Notifications.swift */,
			);
			path = Services;
			sourceTree = "<group>";
		};
		F2B300042F83D0E200C80DDA /* ViewModels */ = {
			isa = PBXGroup;
			children = (
				F2B100042F83D0E200C80DDA /* HabitsListViewModel.swift */,
				F2B100052F83D0E200C80DDA /* StatsViewModel.swift */,
			);
			path = ViewModels;
			sourceTree = "<group>";
		};
		F2B300052F83D0E200C80DDA /* Views */ = {
			isa = PBXGroup;
			children = (
				F2B100062F83D0E200C80DDA /* CheckmarkView.swift */,
				F2B100072F83D0E200C80DDA /* HabitCell.swift */,
			);
			path = Views;
			sourceTree = "<group>";
		};
		F2B300062F83D0E200C80DDA /* ViewControllers */ = {
			isa = PBXGroup;
			children = (
				F2B100082F83D0E200C80DDA /* HabitsListViewController.swift */,
				F2B100092F83D0E200C80DDA /* StatsViewController.swift */,
			);
			path = ViewControllers;
			sourceTree = "<group>";
		};
/* End PBXGroup section */

/* Begin PBXNativeTarget section */
		F24A491D2F83D0E200C80DDA /* DailyHabitTracker */ = {
			isa = PBXNativeTarget;
			buildConfigurationList = F24A49322F83D0E600C80DDA /* Build configuration list for PBXNativeTarget "DailyHabitTracker" */;
			buildPhases = (
				F24A491A2F83D0E200C80DDA /* Sources */,
				F24A491B2F83D0E200C80DDA /* Frameworks */,
				F24A491C2F83D0E200C80DDA /* Resources */,
			);
			buildRules = (
			);
			dependencies = (
			);
			name = DailyHabitTracker;
			productName = DailyHabitTracker;
			productReference = F24A491E2F83D0E200C80DDA /* DailyHabitTracker.app */;
			productType = "com.apple.product-type.application";
		};
/* End PBXNativeTarget section */

/* Begin PBXProject section */
		F24A49162F83D0E200C80DDA /* Project object */ = {
			isa = PBXProject;
			attributes = {
				BuildIndependentTargetsInParallel = 1;
				LastSwiftUpdateCheck = 1320;
				LastUpgradeCheck = 1320;
				TargetAttributes = {
					F24A491D2F83D0E200C80DDA = {
						CreatedOnToolsVersion = 13.2.1;
					};
				};
			};
			buildConfigurationList = F24A49192F83D0E200C80DDA /* Build configuration list for PBXProject "DailyHabitTracker" */;
			compatibilityVersion = "Xcode 13.0";
			developmentRegion = en;
			hasScannedForEncodings = 0;
			knownRegions = (
				en,
				Base,
			);
			mainGroup = F24A49152F83D0E200C80DDA;
			productRefGroup = F24A491F2F83D0E200C80DDA /* Products */;
			projectDirPath = "";
			projectRoot = "";
			targets = (
				F24A491D2F83D0E200C80DDA /* DailyHabitTracker */,
			);
		};
/* End PBXProject section */

/* Begin PBXResourcesBuildPhase section */
		F24A491C2F83D0E200C80DDA /* Resources */ = {
			isa = PBXResourcesBuildPhase;
			buildActionMask = 2147483647;
			files = (
				F24A492E2F83D0E600C80DDA /* LaunchScreen.storyboard in Resources */,
				F24A492B2F83D0E600C80DDA /* Assets.xcassets in Resources */,
				F24A49292F83D0E200C80DDA /* Main.storyboard in Resources */,
			);
			runOnlyForDeploymentPostprocessing = 0;
		};
/* End PBXResourcesBuildPhase section */

/* Begin PBXSourcesBuildPhase section */
		F24A491A2F83D0E200C80DDA /* Sources */ = {
			isa = PBXSourcesBuildPhase;
			buildActionMask = 2147483647;
			files = (
				F2B2000A2F83D0E200C80DDA /* RootTabBarController.swift in Sources */,
				F2B200082F83D0E200C80DDA /* HabitsListViewController.swift in Sources */,
				F2B200092F83D0E200C80DDA /* StatsViewController.swift in Sources */,
				F2B200062F83D0E200C80DDA /* CheckmarkView.swift in Sources */,
				F2B200072F83D0E200C80DDA /* HabitCell.swift in Sources */,
				F2B200042F83D0E200C80DDA /* HabitsListViewModel.swift in Sources */,
				F2B200052F83D0E200C80DDA /* StatsViewModel.swift in Sources */,
				F2B200012F83D0E200C80DDA /* Habit.swift in Sources */,
				F2B200022F83D0E200C80DDA /* HabitStore.swift in Sources */,
				F2B200032F83D0E200C80DDA /* Notifications.swift in Sources */,
				F24A49262F83D0E200C80DDA /* ViewController.swift in Sources */,
				F24A49222F83D0E200C80DDA /* AppDelegate.swift in Sources */,
				F24A49242F83D0E200C80DDA /* SceneDelegate.swift in Sources */,
			);
			runOnlyForDeploymentPostprocessing = 0;
		};
/* End PBXSourcesBuildPhase section */

/* Begin PBXVariantGroup section */
		F24A49272F83D0E200C80DDA /* Main.storyboard */ = {
			isa = PBXVariantGroup;
			children = (
				F24A49282F83D0E200C80DDA /* Base */,
			);
			name = Main.storyboard;
			sourceTree = "<group>";
		};
		F24A492C2F83D0E600C80DDA /* LaunchScreen.storyboard */ = {
			isa = PBXVariantGroup;
			children = (
				F24A492D2F83D0E600C80DDA /* Base */,
			);
			name = LaunchScreen.storyboard;
			sourceTree = "<group>";
		};
/* End PBXVariantGroup section */

/* Begin XCBuildConfiguration section */
		F24A49302F83D0E600C80DDA /* Debug */ = {
			isa = XCBuildConfiguration;
			buildSettings = {
				ALWAYS_SEARCH_USER_PATHS = NO;
				CLANG_ANALYZER_NONNULL = YES;
				CLANG_ANALYZER_NUMBER_OBJECT_CONVERSION = YES_AGGRESSIVE;
				CLANG_CXX_LANGUAGE_STANDARD = "gnu++17";
				CLANG_CXX_LIBRARY = "libc++";
				CLANG_ENABLE_MODULES = YES;
				CLANG_ENABLE_OBJC_ARC = YES;
				CLANG_ENABLE_OBJC_WEAK = YES;
				CLANG_WARN_BLOCK_CAPTURE_AUTORELEASING = YES;
				CLANG_WARN_BOOL_CONVERSION = YES;
				CLANG_WARN_COMMA = YES;
				CLANG_WARN_CONSTANT_CONVERSION = YES;
				CLANG_WARN_DEPRECATED_OBJC_IMPLEMENTATIONS = YES;
				CLANG_WARN_DIRECT_OBJC_ISA_USAGE = YES_ERROR;
				CLANG_WARN_DOCUMENTATION_COMMENTS = YES;
				CLANG_WARN_EMPTY_BODY = YES;
				CLANG_WARN_ENUM_CONVERSION = YES;
				CLANG_WARN_INFINITE_RECURSION = YES;
				CLANG_WARN_INT_CONVERSION = YES;
				CLANG_WARN_NON_LITERAL_NULL_CONVERSION = YES;
				CLANG_WARN_OBJC_IMPLICIT_RETAIN_SELF = YES;
				CLANG_WARN_OBJC_LITERAL_CONVERSION = YES;
				CLANG_WARN_OBJC_ROOT_CLASS = YES_ERROR;
				CLANG_WARN_QUOTED_INCLUDE_IN_FRAMEWORK_HEADER = YES;
				CLANG_WARN_RANGE_LOOP_ANALYSIS = YES;
				CLANG_WARN_STRICT_PROTOTYPES = YES;
				CLANG_WARN_SUSPICIOUS_MOVE = YES;
				CLANG_WARN_UNGUARDED_AVAILABILITY = YES_AGGRESSIVE;
				CLANG_WARN_UNREACHABLE_CODE = YES;
				CLANG_WARN__DUPLICATE_METHOD_MATCH = YES;
				COPY_PHASE_STRIP = NO;
				DEBUG_INFORMATION_FORMAT = dwarf;
				ENABLE_STRICT_OBJC_MSGSEND = YES;
				ENABLE_TESTABILITY = YES;
				GCC_C_LANGUAGE_STANDARD = gnu11;
				GCC_DYNAMIC_NO_PIC = NO;
				GCC_NO_COMMON_BLOCKS = YES;
				GCC_OPTIMIZATION_LEVEL = 0;
				GCC_PREPROCESSOR_DEFINITIONS = (
					"DEBUG=1",
					"$(inherited)",
				);
				GCC_WARN_64_TO_32_BIT_CONVERSION = YES;
				GCC_WARN_ABOUT_RETURN_TYPE = YES_ERROR;
				GCC_WARN_UNDECLARED_SELECTOR = YES;
				GCC_WARN_UNINITIALIZED_AUTOS = YES_AGGRESSIVE;
				GCC_WARN_UNUSED_FUNCTION = YES;
				GCC_WARN_UNUSED_VARIABLE = YES;
				IPHONEOS_DEPLOYMENT_TARGET = 15.2;
				MTL_ENABLE_DEBUG_INFO = INCLUDE_SOURCE;
				MTL_FAST_MATH = YES;
				ONLY_ACTIVE_ARCH = YES;
				SDKROOT = iphoneos;
				SWIFT_ACTIVE_COMPILATION_CONDITIONS = DEBUG;
				SWIFT_OPTIMIZATION_LEVEL = "-Onone";
			};
			name = Debug;
		};
		F24A49312F83D0E600C80DDA /* Release */ = {
			isa = XCBuildConfiguration;
			buildSettings = {
				ALWAYS_SEARCH_USER_PATHS = NO;
				CLANG_ANALYZER_NONNULL = YES;
				CLANG_ANALYZER_NUMBER_OBJECT_CONVERSION = YES_AGGRESSIVE;
				CLANG_CXX_LANGUAGE_STANDARD = "gnu++17";
				CLANG_CXX_LIBRARY = "libc++";
				CLANG_ENABLE_MODULES = YES;
				CLANG_ENABLE_OBJC_ARC = YES;
				CLANG_ENABLE_OBJC_WEAK = YES;
				CLANG_WARN_BLOCK_CAPTURE_AUTORELEASING = YES;
				CLANG_WARN_BOOL_CONVERSION = YES;
				CLANG_WARN_COMMA = YES;
				CLANG_WARN_CONSTANT_CONVERSION = YES;
				CLANG_WARN_DEPRECATED_OBJC_IMPLEMENTATIONS = YES;
				CLANG_WARN_DIRECT_OBJC_ISA_USAGE = YES_ERROR;
				CLANG_WARN_DOCUMENTATION_COMMENTS = YES;
				CLANG_WARN_EMPTY_BODY = YES;
				CLANG_WARN_ENUM_CONVERSION = YES;
				CLANG_WARN_INFINITE_RECURSION = YES;
				CLANG_WARN_INT_CONVERSION = YES;
				CLANG_WARN_NON_LITERAL_NULL_CONVERSION = YES;
				CLANG_WARN_OBJC_IMPLICIT_RETAIN_SELF = YES;
				CLANG_WARN_OBJC_LITERAL_CONVERSION = YES;
				CLANG_WARN_OBJC_ROOT_CLASS = YES_ERROR;
				CLANG_WARN_QUOTED_INCLUDE_IN_FRAMEWORK_HEADER = YES;
				CLANG_WARN_RANGE_LOOP_ANALYSIS = YES;
				CLANG_WARN_STRICT_PROTOTYPES = YES;
				CLANG_WARN_SUSPICIOUS_MOVE = YES;
				CLANG_WARN_UNGUARDED_AVAILABILITY = YES_AGGRESSIVE;
				CLANG_WARN_UNREACHABLE_CODE = YES;
				CLANG_WARN__DUPLICATE_METHOD_MATCH = YES;
				COPY_PHASE_STRIP = NO;
				DEBUG_INFORMATION_FORMAT = "dwarf-with-dsym";
				ENABLE_NS_ASSERTIONS = NO;
				ENABLE_STRICT_OBJC_MSGSEND = YES;
				GCC_C_LANGUAGE_STANDARD = gnu11;
				GCC_NO_COMMON_BLOCKS = YES;
				GCC_WARN_64_TO_32_BIT_CONVERSION = YES;
				GCC_WARN_ABOUT_RETURN_TYPE = YES_ERROR;
				GCC_WARN_UNDECLARED_SELECTOR = YES;
				GCC_WARN_UNINITIALIZED_AUTOS = YES_AGGRESSIVE;
				GCC_WARN_UNUSED_FUNCTION = YES;
				GCC_WARN_UNUSED_VARIABLE = YES;
				IPHONEOS_DEPLOYMENT_TARGET = 15.2;
				MTL_ENABLE_DEBUG_INFO = NO;
				MTL_FAST_MATH = YES;
				SDKROOT = iphoneos;
				SWIFT_COMPILATION_MODE = wholemodule;
				SWIFT_OPTIMIZATION_LEVEL = "-O";
				VALIDATE_PRODUCT = YES;
			};
			name = Release;
		};
		F24A49332F83D0E600C80DDA /* Debug */ = {
			isa = XCBuildConfiguration;
			buildSettings = {
				ASSETCATALOG_COMPILER_APPICON_NAME = AppIcon;
				ASSETCATALOG_COMPILER_GLOBAL_ACCENT_COLOR_NAME = AccentColor;
				CODE_SIGN_STYLE = Automatic;
				CURRENT_PROJECT_VERSION = 1;
				GENERATE_INFOPLIST_FILE = YES;
				INFOPLIST_FILE = DailyHabitTracker/Info.plist;
				INFOPLIST_KEY_UIApplicationSupportsIndirectInputEvents = YES;
				INFOPLIST_KEY_UILaunchStoryboardName = LaunchScreen;
				INFOPLIST_KEY_UISupportedInterfaceOrientations_iPad = "UIInterfaceOrientationPortrait UIInterfaceOrientationPortraitUpsideDown UIInterfaceOrientationLandscapeLeft UIInterfaceOrientationLandscapeRight";
				INFOPLIST_KEY_UISupportedInterfaceOrientations_iPhone = "UIInterfaceOrientationPortrait UIInterfaceOrientationLandscapeLeft UIInterfaceOrientationLandscapeRight";
				LD_RUNPATH_SEARCH_PATHS = (
					"$(inherited)",
					"@executable_path/Frameworks",
				);
				MARKETING_VERSION = 1.0;
				PRODUCT_BUNDLE_IDENTIFIER = com.joseramos.DailyHabitTracker;
				PRODUCT_NAME = "$(TARGET_NAME)";
				SWIFT_EMIT_LOC_STRINGS = YES;
				SWIFT_VERSION = 5.0;
				TARGETED_DEVICE_FAMILY = "1,2";
			};
			name = Debug;
		};
		F24A49342F83D0E600C80DDA /* Release */ = {
			isa = XCBuildConfiguration;
			buildSettings = {
				ASSETCATALOG_COMPILER_APPICON_NAME = AppIcon;
				ASSETCATALOG_COMPILER_GLOBAL_ACCENT_COLOR_NAME = AccentColor;
				CODE_SIGN_STYLE = Automatic;
				CURRENT_PROJECT_VERSION = 1;
				GENERATE_INFOPLIST_FILE = YES;
				INFOPLIST_FILE = DailyHabitTracker/Info.plist;
				INFOPLIST_KEY_UIApplicationSupportsIndirectInputEvents = YES;
				INFOPLIST_KEY_UILaunchStoryboardName = LaunchScreen;
				INFOPLIST_KEY_UIMainStoryboardFile = Main;
				INFOPLIST_KEY_UISupportedInterfaceOrientations_iPad = "UIInterfaceOrientationPortrait UIInterfaceOrientationPortraitUpsideDown UIInterfaceOrientationLandscapeLeft UIInterfaceOrientationLandscapeRight";
				INFOPLIST_KEY_UISupportedInterfaceOrientations_iPhone = "UIInterfaceOrientationPortrait UIInterfaceOrientationLandscapeLeft UIInterfaceOrientationLandscapeRight";
				LD_RUNPATH_SEARCH_PATHS = (
					"$(inherited)",
					"@executable_path/Frameworks",
				);
				MARKETING_VERSION = 1.0;
				PRODUCT_BUNDLE_IDENTIFIER = com.joseramos.DailyHabitTracker;
				PRODUCT_NAME = "$(TARGET_NAME)";
				SWIFT_EMIT_LOC_STRINGS = YES;
				SWIFT_VERSION = 5.0;
				TARGETED_DEVICE_FAMILY = "1,2";
			};
			name = Release;
		};
/* End XCBuildConfiguration section */

/* Begin XCConfigurationList section */
		F24A49192F83D0E200C80DDA /* Build configuration list for PBXProject "DailyHabitTracker" */ = {
			isa = XCConfigurationList;
			buildConfigurations = (
				F24A49302F83D0E600C80DDA /* Debug */,
				F24A49312F83D0E600C80DDA /* Release */,
			);
			defaultConfigurationIsVisible = 0;
			defaultConfigurationName = Release;
		};
		F24A49322F83D0E600C80DDA /* Build configuration list for PBXNativeTarget "DailyHabitTracker" */ = {
			isa = XCConfigurationList;
			buildConfigurations = (
				F24A49332F83D0E600C80DDA /* Debug */,
				F24A49342F83D0E600C80DDA /* Release */,
			);
			defaultConfigurationIsVisible = 0;
			defaultConfigurationName = Release;
		};
/* End XCConfigurationList section */
	};
	rootObject = F24A49162F83D0E200C80DDA /* Project object */;
}
