// !$*UTF8*$!
{
	archiveVersion = 1;
	classes = {
	};
	objectVersion = 55;
	objects = {

/* Begin PBXBuildFile section */
		F2FD008C2F84F0DE00390151 /* AppDelegate.swift in Sources */ = {isa = PBXBuildFile; fileRef = F2FD008B2F84F0DE00390151 /* AppDelegate.swift */; };
		F2FD008E2F84F0DE00390151 /* SceneDelegate.swift in Sources */ = {isa = PBXBuildFile; fileRef = F2FD008D2F84F0DE00390151 /* SceneDelegate.swift */; };
		F2FD00902F84F0DE00390151 /* ViewController.swift in Sources */ = {isa = PBXBuildFile; fileRef = F2FD008F2F84F0DE00390151 /* ViewController.swift */; };
		F2FD00932F84F0DE00390151 /* Main.storyboard in Resources */ = {isa = PBXBuildFile; fileRef = F2FD00912F84F0DE00390151 /* Main.storyboard */; };
		F2FD00952F84F0E000390151 /* Assets.xcassets in Resources */ = {isa = PBXBuildFile; fileRef = F2FD00942F84F0E000390151 /* Assets.xcassets */; };
		F2FD00982F84F0E000390151 /* LaunchScreen.storyboard in Resources */ = {isa = PBXBuildFile; fileRef = F2FD00962F84F0E000390151 /* LaunchScreen.storyboard */; };
		F3B000012F84F0DE00390151 /* BudgetEntry.swift in Sources */ = {isa = PBXBuildFile; fileRef = F3A100012F84F0DE00390151 /* BudgetEntry.swift */; };
		F3B000022F84F0DE00390151 /* BudgetStore.swift in Sources */ = {isa = PBXBuildFile; fileRef = F3A100022F84F0DE00390151 /* BudgetStore.swift */; };
		F3B000032F84F0DE00390151 /* Notifications.swift in Sources */ = {isa = PBXBuildFile; fileRef = F3A100032F84F0DE00390151 /* Notifications.swift */; };
		F3B000042F84F0DE00390151 /* BudgetListViewModel.swift in Sources */ = {isa = PBXBuildFile; fileRef = F3A100042F84F0DE00390151 /* BudgetListViewModel.swift */; };
		F3B000052F84F0DE00390151 /* ReportsViewModel.swift in Sources */ = {isa = PBXBuildFile; fileRef = F3A100052F84F0DE00390151 /* ReportsViewModel.swift */; };
		F3B000062F84F0DE00390151 /* LimitWarningView.swift in Sources */ = {isa = PBXBuildFile; fileRef = F3A100062F84F0DE00390151 /* LimitWarningView.swift */; };
		F3B000072F84F0DE00390151 /* EntryCell.swift in Sources */ = {isa = PBXBuildFile; fileRef = F3A100072F84F0DE00390151 /* EntryCell.swift */; };
		F3B000082F84F0DE00390151 /* BudgetListViewController.swift in Sources */ = {isa = PBXBuildFile; fileRef = F3A100082F84F0DE00390151 /* BudgetListViewController.swift */; };
		F3B000092F84F0DE00390151 /* ReportsViewController.swift in Sources */ = {isa = PBXBuildFile; fileRef = F3A100092F84F0DE00390151 /* ReportsViewController.swift */; };
		F3B0000A2F84F0DE00390151 /* RootTabBarController.swift in Sources */ = {isa = PBXBuildFile; fileRef = F3A1000A2F84F0DE00390151 /* RootTabBarController.swift */; };
/* End PBXBuildFile section */

/* Begin PBXFileReference section */
		F2FD00882F84F0DE00390151 /* PersonalBudgetManager.app */ = {isa = PBXFileReference; explicitFileType = wrapper.application; includeInIndex = 0; path = PersonalBudgetManager.app; sourceTree = BUILT_PRODUCTS_DIR; };
		F2FD008B2F84F0DE00390151 /* AppDelegate.swift */ = {isa = PBXFileReference; lastKnownFileType = sourcecode.swift; path = AppDelegate.swift; sourceTree = "<group>"; };
		F2FD008D2F84F0DE00390151 /* SceneDelegate.swift */ = {isa = PBXFileReference; lastKnownFileType = sourcecode.swift; path = SceneDelegate.swift; sourceTree = "<group>"; };
		F2FD008F2F84F0DE00390151 /* ViewController.swift */ = {isa = PBXFileReference; lastKnownFileType = sourcecode.swift; path = ViewController.swift; sourceTree = "<group>"; };
		F2FD00922F84F0DE00390151 /* Base */ = {isa = PBXFileReference; lastKnownFileType = file.storyboard; name = Base; path = Base.lproj/Main.storyboard; sourceTree = "<group>"; };
		F2FD00942F84F0E000390151 /* Assets.xcassets */ = {isa = PBXFileReference; lastKnownFileType = folder.assetcatalog; path = Assets.xcassets; sourceTree = "<group>"; };
		F2FD00972F84F0E000390151 /* Base */ = {isa = PBXFileReference; lastKnownFileType = file.storyboard; name = Base; path = Base.lproj/LaunchScreen.storyboard; sourceTree = "<group>"; };
		F2FD00992F84F0E000390151 /* Info.plist */ = {isa = PBXFileReference; lastKnownFileType = text.plist.xml; path = Info.plist; sourceTree = "<group>"; };
		F3A100012F84F0DE00390151 /* BudgetEntry.swift */ = {isa = PBXFileReference; lastKnownFileType = sourcecode.swift; path = Models/BudgetEntry.swift; sourceTree = "<group>"; };
		F3A100022F84F0DE00390151 /* BudgetStore.swift */ = {isa = PBXFileReference; lastKnownFileType = sourcecode.swift; path = Services/BudgetStore.swift; sourceTree = "<group>"; };
		F3A100032F84F0DE00390151 /* Notifications.swift */ = {isa = PBXFileReference; lastKnownFileType = sourcecode.swift; path = Services/Notifications.swift; sourceTree = "<group>"; };
		F3A100042F84F0DE00390151 /* BudgetListViewModel.swift */ = {isa = PBXFileReference; lastKnownFileType = sourcecode.swift; path = ViewModels/BudgetListViewModel.swift; sourceTree = "<group>"; };
		F3A100052F84F0DE00390151 /* ReportsViewModel.swift */ = {isa = PBXFileReference; lastKnownFileType = sourcecode.swift; path = ViewModels/ReportsViewModel.swift; sourceTree = "<group>"; };
		F3A100062F84F0DE00390151 /* LimitWarningView.swift */ = {isa = PBXFileReference; lastKnownFileType = sourcecode.swift; path = Views/LimitWarningView.swift; sourceTree = "<group>"; };
		F3A100072F84F0DE00390151 /* EntryCell.swift */ = {isa = PBXFileReference; lastKnownFileType = sourcecode.swift; path = Views/EntryCell.swift; sourceTree = "<group>"; };
		F3A100082F84F0DE00390151 /* BudgetListViewController.swift */ = {isa = PBXFileReference; lastKnownFileType = sourcecode.swift; path = ViewControllers/BudgetListViewController.swift; sourceTree = "<group>"; };
		F3A100092F84F0DE00390151 /* ReportsViewController.swift */ = {isa = PBXFileReference; lastKnownFileType = sourcecode.swift; path = ViewControllers/ReportsViewController.swift; sourceTree = "<group>"; };
		F3A1000A2F84F0DE00390151 /* RootTabBarController.swift */ = {isa = PBXFileReference; lastKnownFileType = sourcecode.swift; path = App/RootTabBarController.swift; sourceTree = "<group>"; };
/* End PBXFileReference section */

/* Begin PBXFrameworksBuildPhase section */
		F2FD00852F84F0DE00390151 /* Frameworks */ = {
			isa = PBXFrameworksBuildPhase;
			buildActionMask = 2147483647;
			files = (
			);
			runOnlyForDeploymentPostprocessing = 0;
		};
/* End PBXFrameworksBuildPhase section */

/* Begin PBXGroup section */
		F2FD007F2F84F0DE00390151 = {
			isa = PBXGroup;
			children = (
				F2FD008A2F84F0DE00390151 /* PersonalBudgetManager */,
				F2FD00892F84F0DE00390151 /* Products */,
			);
			sourceTree = "<group>";
		};
		F2FD00892F84F0DE00390151 /* Products */ = {
			isa = PBXGroup;
			children = (
				F2FD00882F84F0DE00390151 /* PersonalBudgetManager.app */,
			);
			name = Products;
			sourceTree = "<group>";
		};
		F2FD008A2F84F0DE00390151 /* PersonalBudgetManager */ = {
			isa = PBXGroup;
			children = (
				F3A200012F84F0DE00390151 /* App */,
				F3A200022F84F0DE00390151 /* Models */,
				F3A200032F84F0DE00390151 /* Services */,
				F3A200042F84F0DE00390151 /* ViewModels */,
				F3A200052F84F0DE00390151 /* Views */,
				F3A200062F84F0DE00390151 /* ViewControllers */,
				F2FD008B2F84F0DE00390151 /* AppDelegate.swift */,
				F2FD008D2F84F0DE00390151 /* SceneDelegate.swift */,
				F2FD008F2F84F0DE00390151 /* ViewController.swift */,
				F2FD00912F84F0DE00390151 /* Main.storyboard */,
				F2FD00942F84F0E000390151 /* Assets.xcassets */,
				F2FD00962F84F0E000390151 /* LaunchScreen.storyboard */,
				F2FD00992F84F0E000390151 /* Info.plist */,
			);
			path = PersonalBudgetManager;
			sourceTree = "<group>";
		};
		F3A200012F84F0DE00390151 /* App */ = {
			isa = PBXGroup;
			children = (
				F3A1000A2F84F0DE00390151 /* RootTabBarController.swift */,
			);
			path = App;
			sourceTree = "<group>";
		};
		F3A200022F84F0DE00390151 /* Models */ = {
			isa = PBXGroup;
			children = (
				F3A100012F84F0DE00390151 /* BudgetEntry.swift */,
			);
			path = Models;
			sourceTree = "<group>";
		};
		F3A200032F84F0DE00390151 /* Services */ = {
			isa = PBXGroup;
			children = (
				F3A100022F84F0DE00390151 /* BudgetStore.swift */,
				F3A100032F84F0DE00390151 /* Notifications.swift */,
			);
			path = Services;
			sourceTree = "<group>";
		};
		F3A200042F84F0DE00390151 /* ViewModels */ = {
			isa = PBXGroup;
			children = (
				F3A100042F84F0DE00390151 /* BudgetListViewModel.swift */,
				F3A100052F84F0DE00390151 /* ReportsViewModel.swift */,
			);
			path = ViewModels;
			sourceTree = "<group>";
		};
		F3A200052F84F0DE00390151 /* Views */ = {
			isa = PBXGroup;
			children = (
				F3A100062F84F0DE00390151 /* LimitWarningView.swift */,
				F3A100072F84F0DE00390151 /* EntryCell.swift */,
			);
			path = Views;
			sourceTree = "<group>";
		};
		F3A200062F84F0DE00390151 /* ViewControllers */ = {
			isa = PBXGroup;
			children = (
				F3A100082F84F0DE00390151 /* BudgetListViewController.swift */,
				F3A100092F84F0DE00390151 /* ReportsViewController.swift */,
			);
			path = ViewControllers;
			sourceTree = "<group>";
		};
/* End PBXGroup section */

/* Begin PBXNativeTarget section */
		F2FD00872F84F0DE00390151 /* PersonalBudgetManager */ = {
			isa = PBXNativeTarget;
			buildConfigurationList = F2FD009C2F84F0E000390151 /* Build configuration list for PBXNativeTarget "PersonalBudgetManager" */;
			buildPhases = (
				F2FD00842F84F0DE00390151 /* Sources */,
				F2FD00852F84F0DE00390151 /* Frameworks */,
				F2FD00862F84F0DE00390151 /* Resources */,
			);
			buildRules = (
			);
			dependencies = (
			);
			name = PersonalBudgetManager;
			productName = PersonalBudgetManager;
			productReference = F2FD00882F84F0DE00390151 /* PersonalBudgetManager.app */;
			productType = "com.apple.product-type.application";
		};
/* End PBXNativeTarget section */

/* Begin PBXProject section */
		F2FD00802F84F0DE00390151 /* Project object */ = {
			isa = PBXProject;
			attributes = {
				BuildIndependentTargetsInParallel = 1;
				LastSwiftUpdateCheck = 1320;
				LastUpgradeCheck = 1320;
				TargetAttributes = {
					F2FD00872F84F0DE00390151 = {
						CreatedOnToolsVersion = 13.2.1;
					};
				};
			};
			buildConfigurationList = F2FD00832F84F0DE00390151 /* Build configuration list for PBXProject "PersonalBudgetManager" */;
			compatibilityVersion = "Xcode 13.0";
			developmentRegion = en;
			hasScannedForEncodings = 0;
			knownRegions = (
				en,
				Base,
			);
			mainGroup = F2FD007F2F84F0DE00390151;
			productRefGroup = F2FD00892F84F0DE00390151 /* Products */;
			projectDirPath = "";
			projectRoot = "";
			targets = (
				F2FD00872F84F0DE00390151 /* PersonalBudgetManager */,
			);
		};
/* End PBXProject section */

/* Begin PBXResourcesBuildPhase section */
		F2FD00862F84F0DE00390151 /* Resources */ = {
			isa = PBXResourcesBuildPhase;
			buildActionMask = 2147483647;
			files = (
				F2FD00982F84F0E000390151 /* LaunchScreen.storyboard in Resources */,
				F2FD00952F84F0E000390151 /* Assets.xcassets in Resources */,
				F2FD00932F84F0DE00390151 /* Main.storyboard in Resources */,
			);
			runOnlyForDeploymentPostprocessing = 0;
		};
/* End PBXResourcesBuildPhase section */

/* Begin PBXSourcesBuildPhase section */
		F2FD00842F84F0DE00390151 /* Sources */ = {
			isa = PBXSourcesBuildPhase;
			buildActionMask = 2147483647;
			files = (
				F3B0000A2F84F0DE00390151 /* RootTabBarController.swift in Sources */,
				F3B000082F84F0DE00390151 /* BudgetListViewController.swift in Sources */,
				F3B000092F84F0DE00390151 /* ReportsViewController.swift in Sources */,
				F3B000062F84F0DE00390151 /* LimitWarningView.swift in Sources */,
				F3B000072F84F0DE00390151 /* EntryCell.swift in Sources */,
				F3B000042F84F0DE00390151 /* BudgetListViewModel.swift in Sources */,
				F3B000052F84F0DE00390151 /* ReportsViewModel.swift in Sources */,
				F3B000012F84F0DE00390151 /* BudgetEntry.swift in Sources */,
				F3B000022F84F0DE00390151 /* BudgetStore.swift in Sources */,
				F3B000032F84F0DE00390151 /* Notifications.swift in Sources */,
				F2FD00902F84F0DE00390151 /* ViewController.swift in Sources */,
				F2FD008C2F84F0DE00390151 /* AppDelegate.swift in Sources */,
				F2FD008E2F84F0DE00390151 /* SceneDelegate.swift in Sources */,
			);
			runOnlyForDeploymentPostprocessing = 0;
		};
/* End PBXSourcesBuildPhase section */

/* Begin PBXVariantGroup section */
		F2FD00912F84F0DE00390151 /* Main.storyboard */ = {
			isa = PBXVariantGroup;
			children = (
				F2FD00922F84F0DE00390151 /* Base */,
			);
			name = Main.storyboard;
			sourceTree = "<group>";
		};
		F2FD00962F84F0E000390151 /* LaunchScreen.storyboard */ = {
			isa = PBXVariantGroup;
			children = (
				F2FD00972F84F0E000390151 /* Base */,
			);
			name = LaunchScreen.storyboard;
			sourceTree = "<group>";
		};
/* End PBXVariantGroup section */

/* Begin XCBuildConfiguration section */
		F2FD009A2F84F0E000390151 /* Debug */ = {
			isa = XCBuildConfiguration;
			buildSettings = {
				ALWAYS_SEARCH_USER_PATHS = NO;
				CLANG_ANALYZER_NONNULL = YES;
				CLANG_ANALYZER_NUMBER_OBJECT_CONVERSION = YES_AGGRESSIVE;
				CLANG_CXX_LANGUAGE_STANDARD = "gnu++17";
				CLANG_CXX_LIBRARY = "libc++";
				CLANG_ENABLE_MODULES = YES;
				CLANG_ENABLE_OBJC_ARC = YES;
				CLANG_ENABLE_OBJC_WEAK = YES;
				CLANG_WARN_BLOCK_CAPTURE_AUTORELEASING = YES;
				CLANG_WARN_BOOL_CONVERSION = YES;
				CLANG_WARN_COMMA = YES;
				CLANG_WARN_CONSTANT_CONVERSION = YES;
				CLANG_WARN_DEPRECATED_OBJC_IMPLEMENTATIONS = YES;
				CLANG_WARN_DIRECT_OBJC_ISA_USAGE = YES_ERROR;
				CLANG_WARN_DOCUMENTATION_COMMENTS = YES;
				CLANG_WARN_EMPTY_BODY = YES;
				CLANG_WARN_ENUM_CONVERSION = YES;
				CLANG_WARN_INFINITE_RECURSION = YES;
				CLANG_WARN_INT_CONVERSION = YES;
				CLANG_WARN_NON_LITERAL_NULL_CONVERSION = YES;
				CLANG_WARN_OBJC_IMPLICIT_RETAIN_SELF = YES;
				CLANG_WARN_OBJC_LITERAL_CONVERSION = YES;
				CLANG_WARN_OBJC_ROOT_CLASS = YES_ERROR;
				CLANG_WARN_QUOTED_INCLUDE_IN_FRAMEWORK_HEADER = YES;
				CLANG_WARN_RANGE_LOOP_ANALYSIS = YES;
				CLANG_WARN_STRICT_PROTOTYPES = YES;
				CLANG_WARN_SUSPICIOUS_MOVE = YES;
				CLANG_WARN_UNGUARDED_AVAILABILITY = YES_AGGRESSIVE;
				CLANG_WARN_UNREACHABLE_CODE = YES;
				CLANG_WARN__DUPLICATE_METHOD_MATCH = YES;
				COPY_PHASE_STRIP = NO;
				DEBUG_INFORMATION_FORMAT = dwarf;
				ENABLE_STRICT_OBJC_MSGSEND = YES;
				ENABLE_TESTABILITY = YES;
				GCC_C_LANGUAGE_STANDARD = gnu11;
				GCC_DYNAMIC_NO_PIC = NO;
				GCC_NO_COMMON_BLOCKS = YES;
				GCC_OPTIMIZATION_LEVEL = 0;
				GCC_PREPROCESSOR_DEFINITIONS = (
					"DEBUG=1",
					"$(inherited)",
				);
				GCC_WARN_64_TO_32_BIT_CONVERSION = YES;
				GCC_WARN_ABOUT_RETURN_TYPE = YES_ERROR;
				GCC_WARN_UNDECLARED_SELECTOR = YES;
				GCC_WARN_UNINITIALIZED_AUTOS = YES_AGGRESSIVE;
				GCC_WARN_UNUSED_FUNCTION = YES;
				GCC_WARN_UNUSED_VARIABLE = YES;
				IPHONEOS_DEPLOYMENT_TARGET = 15.2;
				MTL_ENABLE_DEBUG_INFO = INCLUDE_SOURCE;
				MTL_FAST_MATH = YES;
				ONLY_ACTIVE_ARCH = YES;
				SDKROOT = iphoneos;
				SWIFT_ACTIVE_COMPILATION_CONDITIONS = DEBUG;
				SWIFT_OPTIMIZATION_LEVEL = "-Onone";
			};
			name = Debug;
		};
		F2FD009B2F84F0E000390151 /* Release */ = {
			isa = XCBuildConfiguration;
			buildSettings = {
				ALWAYS_SEARCH_USER_PATHS = NO;
				CLANG_ANALYZER_NONNULL = YES;
				CLANG_ANALYZER_NUMBER_OBJECT_CONVERSION = YES_AGGRESSIVE;
				CLANG_CXX_LANGUAGE_STANDARD = "gnu++17";
				CLANG_CXX_LIBRARY = "libc++";
				CLANG_ENABLE_MODULES = YES;
				CLANG_ENABLE_OBJC_ARC = YES;
				CLANG_ENABLE_OBJC_WEAK = YES;
				CLANG_WARN_BLOCK_CAPTURE_AUTORELEASING = YES;
				CLANG_WARN_BOOL_CONVERSION = YES;
				CLANG_WARN_COMMA = YES;
				CLANG_WARN_CONSTANT_CONVERSION = YES;
				CLANG_WARN_DEPRECATED_OBJC_IMPLEMENTATIONS = YES;
				CLANG_WARN_DIRECT_OBJC_ISA_USAGE = YES_ERROR;
				CLANG_WARN_DOCUMENTATION_COMMENTS = YES;
				CLANG_WARN_EMPTY_BODY = YES;
				CLANG_WARN_ENUM_CONVERSION = YES;
				CLANG_WARN_INFINITE_RECURSION = YES;
				CLANG_WARN_INT_CONVERSION = YES;
				CLANG_WARN_NON_LITERAL_NULL_CONVERSION = YES;
				CLANG_WARN_OBJC_IMPLICIT_RETAIN_SELF = YES;
				CLANG_WARN_OBJC_LITERAL_CONVERSION = YES;
				CLANG_WARN_OBJC_ROOT_CLASS = YES_ERROR;
				CLANG_WARN_QUOTED_INCLUDE_IN_FRAMEWORK_HEADER = YES;
				CLANG_WARN_RANGE_LOOP_ANALYSIS = YES;
				CLANG_WARN_STRICT_PROTOTYPES = YES;
				CLANG_WARN_SUSPICIOUS_MOVE = YES;
				CLANG_WARN_UNGUARDED_AVAILABILITY = YES_AGGRESSIVE;
				CLANG_WARN_UNREACHABLE_CODE = YES;
				CLANG_WARN__DUPLICATE_METHOD_MATCH = YES;
				COPY_PHASE_STRIP = NO;
				DEBUG_INFORMATION_FORMAT = "dwarf-with-dsym";
				ENABLE_NS_ASSERTIONS = NO;
				ENABLE_STRICT_OBJC_MSGSEND = YES;
				GCC_C_LANGUAGE_STANDARD = gnu11;
				GCC_NO_COMMON_BLOCKS = YES;
				GCC_WARN_64_TO_32_BIT_CONVERSION = YES;
				GCC_WARN_ABOUT_RETURN_TYPE = YES_ERROR;
				GCC_WARN_UNDECLARED_SELECTOR = YES;
				GCC_WARN_UNINITIALIZED_AUTOS = YES_AGGRESSIVE;
				GCC_WARN_UNUSED_FUNCTION = YES;
				GCC_WARN_UNUSED_VARIABLE = YES;
				IPHONEOS_DEPLOYMENT_TARGET = 15.2;
				MTL_ENABLE_DEBUG_INFO = NO;
				MTL_FAST_MATH = YES;
				SDKROOT = iphoneos;
				SWIFT_COMPILATION_MODE = wholemodule;
				SWIFT_OPTIMIZATION_LEVEL = "-O";
				VALIDATE_PRODUCT = YES;
			};
			name = Release;
		};
		F2FD009D2F84F0E000390151 /* Debug */ = {
			isa = XCBuildConfiguration;
			buildSettings = {
				ASSETCATALOG_COMPILER_APPICON_NAME = AppIcon;
				ASSETCATALOG_COMPILER_GLOBAL_ACCENT_COLOR_NAME = AccentColor;
				CODE_SIGN_STYLE = Automatic;
				CURRENT_PROJECT_VERSION = 1;
				GENERATE_INFOPLIST_FILE = YES;
				INFOPLIST_FILE = PersonalBudgetManager/Info.plist;
				INFOPLIST_KEY_UIApplicationSupportsIndirectInputEvents = YES;
				INFOPLIST_KEY_UILaunchStoryboardName = LaunchScreen;
				INFOPLIST_KEY_UISupportedInterfaceOrientations_iPad = "UIInterfaceOrientationPortrait UIInterfaceOrientationPortraitUpsideDown UIInterfaceOrientationLandscapeLeft UIInterfaceOrientationLandscapeRight";
				INFOPLIST_KEY_UISupportedInterfaceOrientations_iPhone = "UIInterfaceOrientationPortrait UIInterfaceOrientationLandscapeLeft UIInterfaceOrientationLandscapeRight";
				LD_RUNPATH_SEARCH_PATHS = (
					"$(inherited)",
					"@executable_path/Frameworks",
				);
				MARKETING_VERSION = 1.0;
				PRODUCT_BUNDLE_IDENTIFIER = com.joseramos.PersonalBudgetManager;
				PRODUCT_NAME = "$(TARGET_NAME)";
				SWIFT_EMIT_LOC_STRINGS = YES;
				SWIFT_VERSION = 5.0;
				TARGETED_DEVICE_FAMILY = "1,2";
			};
			name = Debug;
		};
		F2FD009E2F84F0E000390151 /* Release */ = {
			isa = XCBuildConfiguration;
			buildSettings = {
				ASSETCATALOG_COMPILER_APPICON_NAME = AppIcon;
				ASSETCATALOG_COMPILER_GLOBAL_ACCENT_COLOR_NAME = AccentColor;
				CODE_SIGN_STYLE = Automatic;
				CURRENT_PROJECT_VERSION = 1;
				GENERATE_INFOPLIST_FILE = YES;
				INFOPLIST_FILE = PersonalBudgetManager/Info.plist;
				INFOPLIST_KEY_UIApplicationSupportsIndirectInputEvents = YES;
				INFOPLIST_KEY_UILaunchStoryboardName = LaunchScreen;
				INFOPLIST_KEY_UISupportedInterfaceOrientations_iPad = "UIInterfaceOrientationPortrait UIInterfaceOrientationPortraitUpsideDown UIInterfaceOrientationLandscapeLeft UIInterfaceOrientationLandscapeRight";
				INFOPLIST_KEY_UISupportedInterfaceOrientations_iPhone = "UIInterfaceOrientationPortrait UIInterfaceOrientationLandscapeLeft UIInterfaceOrientationLandscapeRight";
				LD_RUNPATH_SEARCH_PATHS = (
					"$(inherited)",
					"@executable_path/Frameworks",
				);
				MARKETING_VERSION = 1.0;
				PRODUCT_BUNDLE_IDENTIFIER = com.joseramos.PersonalBudgetManager;
				PRODUCT_NAME = "$(TARGET_NAME)";
				SWIFT_EMIT_LOC_STRINGS = YES;
				SWIFT_VERSION = 5.0;
				TARGETED_DEVICE_FAMILY = "1,2";
			};
			name = Release;
		};
/* End XCBuildConfiguration section */

/* Begin XCConfigurationList section */
		F2FD00832F84F0DE00390151 /* Build configuration list for PBXProject "PersonalBudgetManager" */ = {
			isa = XCConfigurationList;
			buildConfigurations = (
				F2FD009A2F84F0E000390151 /* Debug */,
				F2FD009B2F84F0E000390151 /* Release */,
			);
			defaultConfigurationIsVisible = 0;
			defaultConfigurationName = Release;
		};
		F2FD009C2F84F0E000390151 /* Build configuration list for PBXNativeTarget "PersonalBudgetManager" */ = {
			isa = XCConfigurationList;
			buildConfigurations = (
				F2FD009D2F84F0E000390151 /* Debug */,
				F2FD009E2F84F0E000390151 /* Release */,
			);
			defaultConfigurationIsVisible = 0;
			defaultConfigurationName = Release;
		};
/* End XCConfigurationList section */
	};
	rootObject = F2FD00802F84F0DE00390151 /* Project object */;
}
